// !$*UTF8*$!
{
	archiveVersion = 1;
	classes = {
	};
	objectVersion = 56;
	objects = {

/* Begin PBXBuildFile section */
		4DE55DDC2B1B37EA00434EAE /* View_HeirarchyApp.swift in Sources */ = {isa = PBXBuildFile; fileRef = 4DE55DDB2B1B37EA00434EAE /* View_HeirarchyApp.swift */; };
		4DE55DDE2B1B37EA00434EAE /* ContentView.swift in Sources */ = {isa = PBXBuildFile; fileRef = 4DE55DDD2B1B37EA00434EAE /* ContentView.swift */; };
		4DE55DE02B1B37EB00434EAE /* Assets.xcassets in Resources */ = {isa = PBXBuildFile; fileRef = 4DE55DDF2B1B37EB00434EAE /* Assets.xcassets */; };
		4DE55DE32B1B37EB00434EAE /* Preview Assets.xcassets in Resources */ = {isa = PBXBuildFile; fileRef = 4DE55DE22B1B37EB00434EAE /* Preview Assets.xcassets */; };
		4DE55DED2B1B37EC00434EAE /* View_HeirarchyTests.swift in Sources */ = {isa = PBXBuildFile; fileRef = 4DE55DEC2B1B37EC00434EAE /* View_HeirarchyTests.swift */; };
		4DE55DF72B1B37EC00434EAE /* View_HeirarchyUITests.swift in Sources */ = {isa = PBXBuildFile; fileRef = 4DE55DF62B1B37EC00434EAE /* View_HeirarchyUITests.swift */; };
		4DE55DF92B1B37EC00434EAE /* View_HeirarchyUITestsLaunchTests.swift in Sources */ = {isa = PBXBuildFile; fileRef = 4DE55DF82B1B37EC00434EAE /* View_HeirarchyUITestsLaunchTests.swift */; };
		4DE55E062B1B380400434EAE /* ImageContentView.swift in Sources */ = {isa = PBXBuildFile; fileRef = 4DE55E052B1B380400434EAE /* ImageContentView.swift */; };
		4DE55E082B1B3BFA00434EAE /* ParentView.swift in Sources */ = {isa = PBXBuildFile; fileRef = 4DE55E072B1B3BFA00434EAE /* ParentView.swift */; };
/* End PBXBuildFile section */

/* Begin PBXContainerItemProxy section */
		4DE55DE92B1B37EC00434EAE /* PBXContainerItemProxy */ = {
			isa = PBXContainerItemProxy;
			containerPortal = 4DE55DD02B1B37EA00434EAE /* Project object */;
			proxyType = 1;
			remoteGlobalIDString = 4DE55DD72B1B37EA00434EAE;
			remoteInfo = "View Heirarchy";
		};
		4DE55DF32B1B37EC00434EAE /* PBXContainerItemProxy */ = {
			isa = PBXContainerItemProxy;
			containerPortal = 4DE55DD02B1B37EA00434EAE /* Project object */;
			proxyType = 1;
			remoteGlobalIDString = 4DE55DD72B1B37EA00434EAE;
			remoteInfo = "View Heirarchy";
		};
/* End PBXContainerItemProxy section */

/* Begin PBXFileReference section */
		4DE55DD82B1B37EA00434EAE /* View Heirarchy.app */ = {isa = PBXFileReference; explicitFileType = wrapper.application; includeInIndex = 0; path = "View Heirarchy.app"; sourceTree = BUILT_PRODUCTS_DIR; };
		4DE55DDB2B1B37EA00434EAE /* View_HeirarchyApp.swift */ = {isa = PBXFileReference; lastKnownFileType = sourcecode.swift; path = View_HeirarchyApp.swift; sourceTree = "<group>"; };
		4DE55DDD2B1B37EA00434EAE /* ContentView.swift */ = {isa = PBXFileReference; lastKnownFileType = sourcecode.swift; path = ContentView.swift; sourceTree = "<group>"; };
		4DE55DDF2B1B37EB00434EAE /* Assets.xcassets */ = {isa = PBXFileReference; lastKnownFileType = folder.assetcatalog; path = Assets.xcassets; sourceTree = "<group>"; };
		4DE55DE22B1B37EB00434EAE /* Preview Assets.xcassets */ = {isa = PBXFileReference; lastKnownFileType = folder.assetcatalog; path = "Preview Assets.xcassets"; sourceTree = "<group>"; };
		4DE55DE82B1B37EC00434EAE /* View HeirarchyTests.xctest */ = {isa = PBXFileReference; explicitFileType = wrapper.cfbundle; includeInIndex = 0; path = "View HeirarchyTests.xctest"; sourceTree = BUILT_PRODUCTS_DIR; };
		4DE55DEC2B1B37EC00434EAE /* View_HeirarchyTests.swift */ = {isa = PBXFileReference; lastKnownFileType = sourcecode.swift; path = View_HeirarchyTests.swift; sourceTree = "<group>"; };
		4DE55DF22B1B37EC00434EAE /* View HeirarchyUITests.xctest */ = {isa = PBXFileReference; explicitFileType = wrapper.cfbundle; includeInIndex = 0; path = "View HeirarchyUITests.xctest"; sourceTree = BUILT_PRODUCTS_DIR; };
		4DE55DF62B1B37EC00434EAE /* View_HeirarchyUITests.swift */ = {isa = PBXFileReference; lastKnownFileType = sourcecode.swift; path = View_HeirarchyUITests.swift; sourceTree = "<group>"; };
		4DE55DF82B1B37EC00434EAE /* View_HeirarchyUITestsLaunchTests.swift */ = {isa = PBXFileReference; lastKnownFileType = sourcecode.swift; path = View_HeirarchyUITestsLaunchTests.swift; sourceTree = "<group>"; };
		4DE55E052B1B380400434EAE /* ImageContentView.swift */ = {isa = PBXFileReference; lastKnownFileType = sourcecode.swift; path = ImageContentView.swift; sourceTree = "<group>"; };
		4DE55E072B1B3BFA00434EAE /* ParentView.swift */ = {isa = PBXFileReference; lastKnownFileType = sourcecode.swift; path = ParentView.swift; sourceTree = "<group>"; };
/* End PBXFileReference section */

/* Begin PBXFrameworksBuildPhase section */
		4DE55DD52B1B37EA00434EAE /* Frameworks */ = {
			isa = PBXFrameworksBuildPhase;
			buildActionMask = 2147483647;
			files = (
			);
			runOnlyForDeploymentPostprocessing = 0;
		};
		4DE55DE52B1B37EC00434EAE /* Frameworks */ = {
			isa = PBXFrameworksBuildPhase;
			buildActionMask = 2147483647;
			files = (
			);
			runOnlyForDeploymentPostprocessing = 0;
		};
		4DE55DEF2B1B37EC00434EAE /* Frameworks */ = {
			isa = PBXFrameworksBuildPhase;
			buildActionMask = 2147483647;
			files = (
			);
			runOnlyForDeploymentPostprocessing = 0;
		};
/* End PBXFrameworksBuildPhase section */

/* Begin PBXGroup section */
		4DE55DCF2B1B37EA00434EAE = {
			isa = PBXGroup;
			children = (
				4DE55DDA2B1B37EA00434EAE /* View Heirarchy */,
				4DE55DEB2B1B37EC00434EAE /* View HeirarchyTests */,
				4DE55DF52B1B37EC00434EAE /* View HeirarchyUITests */,
				4DE55DD92B1B37EA00434EAE /* Products */,
			);
			sourceTree = "<group>";
		};
		4DE55DD92B1B37EA00434EAE /* Products */ = {
			isa = PBXGroup;
			children = (
				4DE55DD82B1B37EA00434EAE /* View Heirarchy.app */,
				4DE55DE82B1B37EC00434EAE /* View HeirarchyTests.xctest */,
				4DE55DF22B1B37EC00434EAE /* View HeirarchyUITests.xctest */,
			);
			name = Products;
			sourceTree = "<group>";
		};
		4DE55DDA2B1B37EA00434EAE /* View Heirarchy */ = {
			isa = PBXGroup;
			children = (
				4DE55DDB2B1B37EA00434EAE /* View_HeirarchyApp.swift */,
				4DE55DDD2B1B37EA00434EAE /* ContentView.swift */,
				4DE55DDF2B1B37EB00434EAE /* Assets.xcassets */,
				4DE55DE12B1B37EB00434EAE /* Preview Content */,
				4DE55E052B1B380400434EAE /* ImageContentView.swift */,
				4DE55E072B1B3BFA00434EAE /* ParentView.swift */,
			);
			path = "View Heirarchy";
			sourceTree = "<group>";
		};
		4DE55DE12B1B37EB00434EAE /* Preview Content */ = {
			isa = PBXGroup;
			children = (
				4DE55DE22B1B37EB00434EAE /* Preview Assets.xcassets */,
			);
			path = "Preview Content";
			sourceTree = "<group>";
		};
		4DE55DEB2B1B37EC00434EAE /* View HeirarchyTests */ = {
			isa = PBXGroup;
			children = (
				4DE55DEC2B1B37EC00434EAE /* View_HeirarchyTests.swift */,
			);
			path = "View HeirarchyTests";
			sourceTree = "<group>";
		};
		4DE55DF52B1B37EC00434EAE /* View HeirarchyUITests */ = {
			isa = PBXGroup;
			children = (
				4DE55DF62B1B37EC00434EAE /* View_HeirarchyUITests.swift */,
				4DE55DF82B1B37EC00434EAE /* View_HeirarchyUITestsLaunchTests.swift */,
			);
			path = "View HeirarchyUITests";
			sourceTree = "<group>";
		};
/* End PBXGroup section */

/* Begin PBXNativeTarget section */
		4DE55DD72B1B37EA00434EAE /* View Heirarchy */ = {
			isa = PBXNativeTarget;
			buildConfigurationList = 4DE55DFC2B1B37EC00434EAE /* Build configuration list for PBXNativeTarget "View Heirarchy" */;
			buildPhases = (
				4DE55DD42B1B37EA00434EAE /* Sources */,
				4DE55DD52B1B37EA00434EAE /* Frameworks */,
				4DE55DD62B1B37EA00434EAE /* Resources */,
			);
			buildRules = (
			);
			dependencies = (
			);
			name = "View Heirarchy";
			productName = "View Heirarchy";
			productReference = 4DE55DD82B1B37EA00434EAE /* View Heirarchy.app */;
			productType = "com.apple.product-type.application";
		};
		4DE55DE72B1B37EC00434EAE /* View HeirarchyTests */ = {
			isa = PBXNativeTarget;
			buildConfigurationList = 4DE55DFF2B1B37EC00434EAE /* Build configuration list for PBXNativeTarget "View HeirarchyTests" */;
			buildPhases = (
				4DE55DE42B1B37EC00434EAE /* Sources */,
				4DE55DE52B1B37EC00434EAE /* Frameworks */,
				4DE55DE62B1B37EC00434EAE /* Resources */,
			);
			buildRules = (
			);
			dependencies = (
				4DE55DEA2B1B37EC00434EAE /* PBXTargetDependency */,
			);
			name = "View HeirarchyTests";
			productName = "View HeirarchyTests";
			productReference = 4DE55DE82B1B37EC00434EAE /* View HeirarchyTests.xctest */;
			productType = "com.apple.product-type.bundle.unit-test";
		};
		4DE55DF12B1B37EC00434EAE /* View HeirarchyUITests */ = {
			isa = PBXNativeTarget;
			buildConfigurationList = 4DE55E022B1B37EC00434EAE /* Build configuration list for PBXNativeTarget "View HeirarchyUITests" */;
			buildPhases = (
				4DE55DEE2B1B37EC00434EAE /* Sources */,
				4DE55DEF2B1B37EC00434EAE /* Frameworks */,
				4DE55DF02B1B37EC00434EAE /* Resources */,
			);
			buildRules = (
			);
			dependencies = (
				4DE55DF42B1B37EC00434EAE /* PBXTargetDependency */,
			);
			name = "View HeirarchyUITests";
			productName = "View HeirarchyUITests";
			productReference = 4DE55DF22B1B37EC00434EAE /* View HeirarchyUITests.xctest */;
			productType = "com.apple.product-type.bundle.ui-testing";
		};
/* End PBXNativeTarget section */

/* Begin PBXProject section */
		4DE55DD02B1B37EA00434EAE /* Project object */ = {
			isa = PBXProject;
			attributes = {
				BuildIndependentTargetsInParallel = 1;
				LastSwiftUpdateCheck = 1500;
				LastUpgradeCheck = 1500;
				TargetAttributes = {
					4DE55DD72B1B37EA00434EAE = {
						CreatedOnToolsVersion = 15.0.1;
					};
					4DE55DE72B1B37EC00434EAE = {
						CreatedOnToolsVersion = 15.0.1;
						TestTargetID = 4DE55DD72B1B37EA00434EAE;
					};
					4DE55DF12B1B37EC00434EAE = {
						CreatedOnToolsVersion = 15.0.1;
						TestTargetID = 4DE55DD72B1B37EA00434EAE;
					};
				};
			};
			buildConfigurationList = 4DE55DD32B1B37EA00434EAE /* Build configuration list for PBXProject "View Heirarchy" */;
			compatibilityVersion = "Xcode 14.0";
			developmentRegion = en;
			hasScannedForEncodings = 0;
			knownRegions = (
				en,
				Base,
			);
			mainGroup = 4DE55DCF2B1B37EA00434EAE;
			productRefGroup = 4DE55DD92B1B37EA00434EAE /* Products */;
			projectDirPath = "";
			projectRoot = "";
			targets = (
				4DE55DD72B1B37EA00434EAE /* View Heirarchy */,
				4DE55DE72B1B37EC00434EAE /* View HeirarchyTests */,
				4DE55DF12B1B37EC00434EAE /* View HeirarchyUITests */,
			);
		};
/* End PBXProject section */

/* Begin PBXResourcesBuildPhase section */
		4DE55DD62B1B37EA00434EAE /* Resources */ = {
			isa = PBXResourcesBuildPhase;
			buildActionMask = 2147483647;
			files = (
				4DE55DE32B1B37EB00434EAE /* Preview Assets.xcassets in Resources */,
				4DE55DE02B1B37EB00434EAE /* Assets.xcassets in Resources */,
			);
			runOnlyForDeploymentPostprocessing = 0;
		};
		4DE55DE62B1B37EC00434EAE /* Resources */ = {
			isa = PBXResourcesBuildPhase;
			buildActionMask = 2147483647;
			files = (
			);
			runOnlyForDeploymentPostprocessing = 0;
		};
		4DE55DF02B1B37EC00434EAE /* Resources */ = {
			isa = PBXResourcesBuildPhase;
			buildActionMask = 2147483647;
			files = (
			);
			runOnlyForDeploymentPostprocessing = 0;
		};
/* End PBXResourcesBuildPhase section */

/* Begin PBXSourcesBuildPhase section */
		4DE55DD42B1B37EA00434EAE /* Sources */ = {
			isa = PBXSourcesBuildPhase;
			buildActionMask = 2147483647;
			files = (
				4DE55E082B1B3BFA00434EAE /* ParentView.swift in Sources */,
				4DE55DDE2B1B37EA00434EAE /* ContentView.swift in Sources */,
				4DE55DDC2B1B37EA00434EAE /* View_HeirarchyApp.swift in Sources */,
				4DE55E062B1B380400434EAE /* ImageContentView.swift in Sources */,
			);
			runOnlyForDeploymentPostprocessing = 0;
		};
		4DE55DE42B1B37EC00434EAE /* Sources */ = {
			isa = PBXSourcesBuildPhase;
			buildActionMask = 2147483647;
			files = (
				4DE55DED2B1B37EC00434EAE /* View_HeirarchyTests.swift in Sources */,
			);
			runOnlyForDeploymentPostprocessing = 0;
		};
		4DE55DEE2B1B37EC00434EAE /* Sources */ = {
			isa = PBXSourcesBuildPhase;
			buildActionMask = 2147483647;
			files = (
				4DE55DF72B1B37EC00434EAE /* View_HeirarchyUITests.swift in Sources */,
				4DE55DF92B1B37EC00434EAE /* View_HeirarchyUITestsLaunchTests.swift in Sources */,
			);
			runOnlyForDeploymentPostprocessing = 0;
		};
/* End PBXSourcesBuildPhase section */

/* Begin PBXTargetDependency section */
		4DE55DEA2B1B37EC00434EAE /* PBXTargetDependency */ = {
			isa = PBXTargetDependency;
			target = 4DE55DD72B1B37EA00434EAE /* View Heirarchy */;
			targetProxy = 4DE55DE92B1B37EC00434EAE /* PBXContainerItemProxy */;
		};
		4DE55DF42B1B37EC00434EAE /* PBXTargetDependency */ = {
			isa = PBXTargetDependency;
			target = 4DE55DD72B1B37EA00434EAE /* View Heirarchy */;
			targetProxy = 4DE55DF32B1B37EC00434EAE /* PBXContainerItemProxy */;
		};
/* End PBXTargetDependency section */

/* Begin XCBuildConfiguration section */
		4DE55DFA2B1B37EC00434EAE /* Debug */ = {
			isa = XCBuildConfiguration;
			buildSettings = {
				ALWAYS_SEARCH_USER_PATHS = NO;
				ASSETCATALOG_COMPILER_GENERATE_SWIFT_ASSET_SYMBOL_EXTENSIONS = YES;
				CLANG_ANALYZER_NONNULL = YES;
				CLANG_ANALYZER_NUMBER_OBJECT_CONVERSION = YES_AGGRESSIVE;
				CLANG_CXX_LANGUAGE_STANDARD = "gnu++20";
				CLANG_ENABLE_MODULES = YES;
				CLANG_ENABLE_OBJC_ARC = YES;
				CLANG_ENABLE_OBJC_WEAK = YES;
				CLANG_WARN_BLOCK_CAPTURE_AUTORELEASING = YES;
				CLANG_WARN_BOOL_CONVERSION = YES;
				CLANG_WARN_COMMA = YES;
				CLANG_WARN_CONSTANT_CONVERSION = YES;
				CLANG_WARN_DEPRECATED_OBJC_IMPLEMENTATIONS = YES;
				CLANG_WARN_DIRECT_OBJC_ISA_USAGE = YES_ERROR;
				CLANG_WARN_DOCUMENTATION_COMMENTS = YES;
				CLANG_WARN_EMPTY_BODY = YES;
				CLANG_WARN_ENUM_CONVERSION = YES;
				CLANG_WARN_INFINITE_RECURSION = YES;
				CLANG_WARN_INT_CONVERSION = YES;
				CLANG_WARN_NON_LITERAL_NULL_CONVERSION = YES;
				CLANG_WARN_OBJC_IMPLICIT_RETAIN_SELF = YES;
				CLANG_WARN_OBJC_LITERAL_CONVERSION = YES;
				CLANG_WARN_OBJC_ROOT_CLASS = YES_ERROR;
				CLANG_WARN_QUOTED_INCLUDE_IN_FRAMEWORK_HEADER = YES;
				CLANG_WARN_RANGE_LOOP_ANALYSIS = YES;
				CLANG_WARN_STRICT_PROTOTYPES = YES;
				CLANG_WARN_SUSPICIOUS_MOVE = YES;
				CLANG_WARN_UNGUARDED_AVAILABILITY = YES_AGGRESSIVE;
				CLANG_WARN_UNREACHABLE_CODE = YES;
				CLANG_WARN__DUPLICATE_METHOD_MATCH = YES;
				COPY_PHASE_STRIP = NO;
				DEBUG_INFORMATION_FORMAT = dwarf;
				ENABLE_STRICT_OBJC_MSGSEND = YES;
				ENABLE_TESTABILITY = YES;
				ENABLE_USER_SCRIPT_SANDBOXING = YES;
				GCC_C_LANGUAGE_STANDARD = gnu17;
				GCC_DYNAMIC_NO_PIC = NO;
				GCC_NO_COMMON_BLOCKS = YES;
				GCC_OPTIMIZATION_LEVEL = 0;
				GCC_PREPROCESSOR_DEFINITIONS = (
					"DEBUG=1",
					"$(inherited)",
				);
				GCC_WARN_64_TO_32_BIT_CONVERSION = YES;
				GCC_WARN_ABOUT_RETURN_TYPE = YES_ERROR;
				GCC_WARN_UNDECLARED_SELECTOR = YES;
				GCC_WARN_UNINITIALIZED_AUTOS = YES_AGGRESSIVE;
				GCC_WARN_UNUSED_FUNCTION = YES;
				GCC_WARN_UNUSED_VARIABLE = YES;
				IPHONEOS_DEPLOYMENT_TARGET = 17.0;
				LOCALIZATION_PREFERS_STRING_CATALOGS = YES;
				MTL_ENABLE_DEBUG_INFO = INCLUDE_SOURCE;
				MTL_FAST_MATH = YES;
				ONLY_ACTIVE_ARCH = YES;
				SDKROOT = iphoneos;
				SWIFT_ACTIVE_COMPILATION_CONDITIONS = "DEBUG $(inherited)";
				SWIFT_OPTIMIZATION_LEVEL = "-Onone";
			};
			name = Debug;
		};
		4DE55DFB2B1B37EC00434EAE /* Release */ = {
			isa = XCBuildConfiguration;
			buildSettings = {
				ALWAYS_SEARCH_USER_PATHS = NO;
				ASSETCATALOG_COMPILER_GENERATE_SWIFT_ASSET_SYMBOL_EXTENSIONS = YES;
				CLANG_ANALYZER_NONNULL = YES;
				CLANG_ANALYZER_NUMBER_OBJECT_CONVERSION = YES_AGGRESSIVE;
				CLANG_CXX_LANGUAGE_STANDARD = "gnu++20";
				CLANG_ENABLE_MODULES = YES;
				CLANG_ENABLE_OBJC_ARC = YES;
				CLANG_ENABLE_OBJC_WEAK = YES;
				CLANG_WARN_BLOCK_CAPTURE_AUTORELEASING = YES;
				CLANG_WARN_BOOL_CONVERSION = YES;
				CLANG_WARN_COMMA = YES;
				CLANG_WARN_CONSTANT_CONVERSION = YES;
				CLANG_WARN_DEPRECATED_OBJC_IMPLEMENTATIONS = YES;
				CLANG_WARN_DIRECT_OBJC_ISA_USAGE = YES_ERROR;
				CLANG_WARN_DOCUMENTATION_COMMENTS = YES;
				CLANG_WARN_EMPTY_BODY = YES;
				CLANG_WARN_ENUM_CONVERSION = YES;
				CLANG_WARN_INFINITE_RECURSION = YES;
				CLANG_WARN_INT_CONVERSION = YES;
				CLANG_WARN_NON_LITERAL_NULL_CONVERSION = YES;
				CLANG_WARN_OBJC_IMPLICIT_RETAIN_SELF = YES;
				CLANG_WARN_OBJC_LITERAL_CONVERSION = YES;
				CLANG_WARN_OBJC_ROOT_CLASS = YES_ERROR;
				CLANG_WARN_QUOTED_INCLUDE_IN_FRAMEWORK_HEADER = YES;
				CLANG_WARN_RANGE_LOOP_ANALYSIS = YES;
				CLANG_WARN_STRICT_PROTOTYPES = YES;
				CLANG_WARN_SUSPICIOUS_MOVE = YES;
				CLANG_WARN_UNGUARDED_AVAILABILITY = YES_AGGRESSIVE;
				CLANG_WARN_UNREACHABLE_CODE = YES;
				CLANG_WARN__DUPLICATE_METHOD_MATCH = YES;
				COPY_PHASE_STRIP = NO;
				DEBUG_INFORMATION_FORMAT = "dwarf-with-dsym";
				ENABLE_NS_ASSERTIONS = NO;
				ENABLE_STRICT_OBJC_MSGSEND = YES;
				ENABLE_USER_SCRIPT_SANDBOXING = YES;
				GCC_C_LANGUAGE_STANDARD = gnu17;
				GCC_NO_COMMON_BLOCKS = YES;
				GCC_WARN_64_TO_32_BIT_CONVERSION = YES;
				GCC_WARN_ABOUT_RETURN_TYPE = YES_ERROR;
				GCC_WARN_UNDECLARED_SELECTOR = YES;
				GCC_WARN_UNINITIALIZED_AUTOS = YES_AGGRESSIVE;
				GCC_WARN_UNUSED_FUNCTION = YES;
				GCC_WARN_UNUSED_VARIABLE = YES;
				IPHONEOS_DEPLOYMENT_TARGET = 17.0;
				LOCALIZATION_PREFERS_STRING_CATALOGS = YES;
				MTL_ENABLE_DEBUG_INFO = NO;
				MTL_FAST_MATH = YES;
				SDKROOT = iphoneos;
				SWIFT_COMPILATION_MODE = wholemodule;
				VALIDATE_PRODUCT = YES;
			};
			name = Release;
		};
		4DE55DFD2B1B37EC00434EAE /* Debug */ = {
			isa = XCBuildConfiguration;
			buildSettings = {
				ASSETCATALOG_COMPILER_APPICON_NAME = AppIcon;
				ASSETCATALOG_COMPILER_GLOBAL_ACCENT_COLOR_NAME = AccentColor;
				CODE_SIGN_STYLE = Automatic;
				CURRENT_PROJECT_VERSION = 1;
				DEVELOPMENT_ASSET_PATHS = "\"View Heirarchy/Preview Content\"";
				DEVELOPMENT_TEAM = 853K3F2A4U;
				ENABLE_PREVIEWS = YES;
				GENERATE_INFOPLIST_FILE = YES;
				INFOPLIST_KEY_UIApplicationSceneManifest_Generation = YES;
				INFOPLIST_KEY_UIApplicationSupportsIndirectInputEvents = YES;
				INFOPLIST_KEY_UILaunchScreen_Generation = YES;
				INFOPLIST_KEY_UISupportedInterfaceOrientations_iPad = "UIInterfaceOrientationPortrait UIInterfaceOrientationPortraitUpsideDown UIInterfaceOrientationLandscapeLeft UIInterfaceOrientationLandscapeRight";
				INFOPLIST_KEY_UISupportedInterfaceOrientations_iPhone = "UIInterfaceOrientationPortrait UIInterfaceOrientationLandscapeLeft UIInterfaceOrientationLandscapeRight";
				LD_RUNPATH_SEARCH_PATHS = (
					"$(inherited)",
					"@executable_path/Frameworks",
				);
				MARKETING_VERSION = 1.0;
				PRODUCT_BUNDLE_IDENTIFIER = "the.codeholic.View-Heirarchy";
				PRODUCT_NAME = "$(TARGET_NAME)";
				SWIFT_EMIT_LOC_STRINGS = YES;
				SWIFT_VERSION = 5.0;
				TARGETED_DEVICE_FAMILY = "1,2";
			};
			name = Debug;
		};
		4DE55DFE2B1B37EC00434EAE /* Release */ = {
			isa = XCBuildConfiguration;
			buildSettings = {
				ASSETCATALOG_COMPILER_APPICON_NAME = AppIcon;
				ASSETCATALOG_COMPILER_GLOBAL_ACCENT_COLOR_NAME = AccentColor;
				CODE_SIGN_STYLE = Automatic;
				CURRENT_PROJECT_VERSION = 1;
				DEVELOPMENT_ASSET_PATHS = "\"View Heirarchy/Preview Content\"";
				DEVELOPMENT_TEAM = 853K3F2A4U;
				ENABLE_PREVIEWS = YES;
				GENERATE_INFOPLIST_FILE = YES;
				INFOPLIST_KEY_UIApplicationSceneManifest_Generation = YES;
				INFOPLIST_KEY_UIApplicationSupportsIndirectInputEvents = YES;
				INFOPLIST_KEY_UILaunchScreen_Generation = YES;
				INFOPLIST_KEY_UISupportedInterfaceOrientations_iPad = "UIInterfaceOrientationPortrait UIInterfaceOrientationPortraitUpsideDown UIInterfaceOrientationLandscapeLeft UIInterfaceOrientationLandscapeRight";
				INFOPLIST_KEY_UISupportedInterfaceOrientations_iPhone = "UIInterfaceOrientationPortrait UIInterfaceOrientationLandscapeLeft UIInterfaceOrientationLandscapeRight";
				LD_RUNPATH_SEARCH_PATHS = (
					"$(inherited)",
					"@executable_path/Frameworks",
				);
				MARKETING_VERSION = 1.0;
				PRODUCT_BUNDLE_IDENTIFIER = "the.codeholic.View-Heirarchy";
				PRODUCT_NAME = "$(TARGET_NAME)";
				SWIFT_EMIT_LOC_STRINGS = YES;
				SWIFT_VERSION = 5.0;
				TARGETED_DEVICE_FAMILY = "1,2";
			};
			name = Release;
		};
		4DE55E002B1B37EC00434EAE /* Debug */ = {
			isa = XCBuildConfiguration;
			buildSettings = {
				ALWAYS_EMBED_SWIFT_STANDARD_LIBRARIES = YES;
				BUNDLE_LOADER = "$(TEST_HOST)";
				CODE_SIGN_STYLE = Automatic;
				CURRENT_PROJECT_VERSION = 1;
				DEVELOPMENT_TEAM = 853K3F2A4U;
				GENERATE_INFOPLIST_FILE = YES;
				IPHONEOS_DEPLOYMENT_TARGET = 17.0;
				MARKETING_VERSION = 1.0;
				PRODUCT_BUNDLE_IDENTIFIER = "the.codeholic.View-HeirarchyTests";
				PRODUCT_NAME = "$(TARGET_NAME)";
				SWIFT_EMIT_LOC_STRINGS = NO;
				SWIFT_VERSION = 5.0;
				TARGETED_DEVICE_FAMILY = "1,2";
				TEST_HOST = "$(BUILT_PRODUCTS_DIR)/View Heirarchy.app/$(BUNDLE_EXECUTABLE_FOLDER_PATH)/View Heirarchy";
			};
			name = Debug;
		};
		4DE55E012B1B37EC00434EAE /* Release */ = {
			isa = XCBuildConfiguration;
			buildSettings = {
				ALWAYS_EMBED_SWIFT_STANDARD_LIBRARIES = YES;
				BUNDLE_LOADER = "$(TEST_HOST)";
				CODE_SIGN_STYLE = Automatic;
				CURRENT_PROJECT_VERSION = 1;
				DEVELOPMENT_TEAM = 853K3F2A4U;
				GENERATE_INFOPLIST_FILE = YES;
				IPHONEOS_DEPLOYMENT_TARGET = 17.0;
				MARKETING_VERSION = 1.0;
				PRODUCT_BUNDLE_IDENTIFIER = "the.codeholic.View-HeirarchyTests";
				PRODUCT_NAME = "$(TARGET_NAME)";
				SWIFT_EMIT_LOC_STRINGS = NO;
				SWIFT_VERSION = 5.0;
				TARGETED_DEVICE_FAMILY = "1,2";
				TEST_HOST = "$(BUILT_PRODUCTS_DIR)/View Heirarchy.app/$(BUNDLE_EXECUTABLE_FOLDER_PATH)/View Heirarchy";
			};
			name = Release;
		};
		4DE55E032B1B37EC00434EAE /* Debug */ = {
			isa = XCBuildConfiguration;
			buildSettings = {
				ALWAYS_EMBED_SWIFT_STANDARD_LIBRARIES = YES;
				CODE_SIGN_STYLE = Automatic;
				CURRENT_PROJECT_VERSION = 1;
				DEVELOPMENT_TEAM = 853K3F2A4U;
				GENERATE_INFOPLIST_FILE = YES;
				MARKETING_VERSION = 1.0;
				PRODUCT_BUNDLE_IDENTIFIER = "the.codeholic.View-HeirarchyUITests";
				PRODUCT_NAME = "$(TARGET_NAME)";
				SWIFT_EMIT_LOC_STRINGS = NO;
				SWIFT_VERSION = 5.0;
				TARGETED_DEVICE_FAMILY = "1,2";
				TEST_TARGET_NAME = "View Heirarchy";
			};
			name = Debug;
		};
		4DE55E042B1B37EC00434EAE /* Release */ = {
			isa = XCBuildConfiguration;
			buildSettings = {
				ALWAYS_EMBED_SWIFT_STANDARD_LIBRARIES = YES;
				CODE_SIGN_STYLE = Automatic;
				CURRENT_PROJECT_VERSION = 1;
				DEVELOPMENT_TEAM = 853K3F2A4U;
				GENERATE_INFOPLIST_FILE = YES;
				MARKETING_VERSION = 1.0;
				PRODUCT_BUNDLE_IDENTIFIER = "the.codeholic.View-HeirarchyUITests";
				PRODUCT_NAME = "$(TARGET_NAME)";
				SWIFT_EMIT_LOC_STRINGS = NO;
				SWIFT_VERSION = 5.0;
				TARGETED_DEVICE_FAMILY = "1,2";
				TEST_TARGET_NAME = "View Heirarchy";
			};
			name = Release;
		};
/* End XCBuildConfiguration section */

/* Begin XCConfigurationList section */
		4DE55DD32B1B37EA00434EAE /* Build configuration list for PBXProject "View Heirarchy" */ = {
			isa = XCConfigurationList;
			buildConfigurations = (
				4DE55DFA2B1B37EC00434EAE /* Debug */,
				4DE55DFB2B1B37EC00434EAE /* Release */,
			);
			defaultConfigurationIsVisible = 0;
			defaultConfigurationName = Release;
		};
		4DE55DFC2B1B37EC00434EAE /* Build configuration list for PBXNativeTarget "View Heirarchy" */ = {
			isa = XCConfigurationList;
			buildConfigurations = (
				4DE55DFD2B1B37EC00434EAE /* Debug */,
				4DE55DFE2B1B37EC00434EAE /* Release */,
			);
			defaultConfigurationIsVisible = 0;
			defaultConfigurationName = Release;
		};
		4DE55DFF2B1B37EC00434EAE /* Build configuration list for PBXNativeTarget "View HeirarchyTests" */ = {
			isa = XCConfigurationList;
			buildConfigurations = (
				4DE55E002B1B37EC00434EAE /* Debug */,
				4DE55E012B1B37EC00434EAE /* Release */,
			);
			defaultConfigurationIsVisible = 0;
			defaultConfigurationName = Release;
		};
		4DE55E022B1B37EC00434EAE /* Build configuration list for PBXNativeTarget "View HeirarchyUITests" */ = {
			isa = XCConfigurationList;
			buildConfigurations = (
				4DE55E032B1B37EC00434EAE /* Debug */,
				4DE55E042B1B37EC00434EAE /* Release */,
			);
			defaultConfigurationIsVisible = 0;
			defaultConfigurationName = Release;
		};
/* End XCConfigurationList section */
	};
	rootObject = 4DE55DD02B1B37EA00434EAE /* Project object */;
}
