// !$*UTF8*$!
{
	archiveVersion = 1;
	classes = {
	};
	objectVersion = 56;
	objects = {

/* Begin PBXBuildFile section */
		4D0339F12AE4F280006078AB /* AppDelegate.swift in Sources */ = {isa = PBXBuildFile; fileRef = 4D0339F02AE4F280006078AB /* AppDelegate.swift */; };
		4D0339F32AE4F280006078AB /* SceneDelegate.swift in Sources */ = {isa = PBXBuildFile; fileRef = 4D0339F22AE4F280006078AB /* SceneDelegate.swift */; };
		4D0339F52AE4F280006078AB /* ViewController.swift in Sources */ = {isa = PBXBuildFile; fileRef = 4D0339F42AE4F280006078AB /* ViewController.swift */; };
		4D0339F82AE4F280006078AB /* Main.storyboard in Resources */ = {isa = PBXBuildFile; fileRef = 4D0339F62AE4F280006078AB /* Main.storyboard */; };
		4D0339FA2AE4F282006078AB /* Assets.xcassets in Resources */ = {isa = PBXBuildFile; fileRef = 4D0339F92AE4F282006078AB /* Assets.xcassets */; };
		4D0339FD2AE4F282006078AB /* LaunchScreen.storyboard in Resources */ = {isa = PBXBuildFile; fileRef = 4D0339FB2AE4F282006078AB /* LaunchScreen.storyboard */; };
		4D033A082AE4F282006078AB /* videoPlayerTests.swift in Sources */ = {isa = PBXBuildFile; fileRef = 4D033A072AE4F282006078AB /* videoPlayerTests.swift */; };
		4D033A122AE4F282006078AB /* videoPlayerUITests.swift in Sources */ = {isa = PBXBuildFile; fileRef = 4D033A112AE4F282006078AB /* videoPlayerUITests.swift */; };
		4D033A142AE4F282006078AB /* videoPlayerUITestsLaunchTests.swift in Sources */ = {isa = PBXBuildFile; fileRef = 4D033A132AE4F282006078AB /* videoPlayerUITestsLaunchTests.swift */; };
		4D033A232AE4F5BA006078AB /* testFile.MP4 in Resources */ = {isa = PBXBuildFile; fileRef = 4D033A222AE4F5BA006078AB /* testFile.MP4 */; };
/* End PBXBuildFile section */

/* Begin PBXContainerItemProxy section */
		4D033A042AE4F282006078AB /* PBXContainerItemProxy */ = {
			isa = PBXContainerItemProxy;
			containerPortal = 4D0339E52AE4F280006078AB /* Project object */;
			proxyType = 1;
			remoteGlobalIDString = 4D0339EC2AE4F280006078AB;
			remoteInfo = videoPlayer;
		};
		4D033A0E2AE4F282006078AB /* PBXContainerItemProxy */ = {
			isa = PBXContainerItemProxy;
			containerPortal = 4D0339E52AE4F280006078AB /* Project object */;
			proxyType = 1;
			remoteGlobalIDString = 4D0339EC2AE4F280006078AB;
			remoteInfo = videoPlayer;
		};
/* End PBXContainerItemProxy section */

/* Begin PBXFileReference section */
		4D0339ED2AE4F280006078AB /* videoPlayer.app */ = {isa = PBXFileReference; explicitFileType = wrapper.application; includeInIndex = 0; path = videoPlayer.app; sourceTree = BUILT_PRODUCTS_DIR; };
		4D0339F02AE4F280006078AB /* AppDelegate.swift */ = {isa = PBXFileReference; lastKnownFileType = sourcecode.swift; path = AppDelegate.swift; sourceTree = "<group>"; };
		4D0339F22AE4F280006078AB /* SceneDelegate.swift */ = {isa = PBXFileReference; lastKnownFileType = sourcecode.swift; path = SceneDelegate.swift; sourceTree = "<group>"; };
		4D0339F42AE4F280006078AB /* ViewController.swift */ = {isa = PBXFileReference; lastKnownFileType = sourcecode.swift; path = ViewController.swift; sourceTree = "<group>"; };
		4D0339F72AE4F280006078AB /* Base */ = {isa = PBXFileReference; lastKnownFileType = file.storyboard; name = Base; path = Base.lproj/Main.storyboard; sourceTree = "<group>"; };
		4D0339F92AE4F282006078AB /* Assets.xcassets */ = {isa = PBXFileReference; lastKnownFileType = folder.assetcatalog; path = Assets.xcassets; sourceTree = "<group>"; };
		4D0339FC2AE4F282006078AB /* Base */ = {isa = PBXFileReference; lastKnownFileType = file.storyboard; name = Base; path = Base.lproj/LaunchScreen.storyboard; sourceTree = "<group>"; };
		4D0339FE2AE4F282006078AB /* Info.plist */ = {isa = PBXFileReference; lastKnownFileType = text.plist.xml; path = Info.plist; sourceTree = "<group>"; };
		4D033A032AE4F282006078AB /* videoPlayerTests.xctest */ = {isa = PBXFileReference; explicitFileType = wrapper.cfbundle; includeInIndex = 0; path = videoPlayerTests.xctest; sourceTree = BUILT_PRODUCTS_DIR; };
		4D033A072AE4F282006078AB /* videoPlayerTests.swift */ = {isa = PBXFileReference; lastKnownFileType = sourcecode.swift; path = videoPlayerTests.swift; sourceTree = "<group>"; };
		4D033A0D2AE4F282006078AB /* videoPlayerUITests.xctest */ = {isa = PBXFileReference; explicitFileType = wrapper.cfbundle; includeInIndex = 0; path = videoPlayerUITests.xctest; sourceTree = BUILT_PRODUCTS_DIR; };
		4D033A112AE4F282006078AB /* videoPlayerUITests.swift */ = {isa = PBXFileReference; lastKnownFileType = sourcecode.swift; path = videoPlayerUITests.swift; sourceTree = "<group>"; };
		4D033A132AE4F282006078AB /* videoPlayerUITestsLaunchTests.swift */ = {isa = PBXFileReference; lastKnownFileType = sourcecode.swift; path = videoPlayerUITestsLaunchTests.swift; sourceTree = "<group>"; };
		4D033A222AE4F5BA006078AB /* testFile.MP4 */ = {isa = PBXFileReference; lastKnownFileType = file; path = testFile.MP4; sourceTree = "<group>"; };
/* End PBXFileReference section */

/* Begin PBXFrameworksBuildPhase section */
		4D0339EA2AE4F280006078AB /* Frameworks */ = {
			isa = PBXFrameworksBuildPhase;
			buildActionMask = 2147483647;
			files = (
			);
			runOnlyForDeploymentPostprocessing = 0;
		};
		4D033A002AE4F282006078AB /* Frameworks */ = {
			isa = PBXFrameworksBuildPhase;
			buildActionMask = 2147483647;
			files = (
			);
			runOnlyForDeploymentPostprocessing = 0;
		};
		4D033A0A2AE4F282006078AB /* Frameworks */ = {
			isa = PBXFrameworksBuildPhase;
			buildActionMask = 2147483647;
			files = (
			);
			runOnlyForDeploymentPostprocessing = 0;
		};
/* End PBXFrameworksBuildPhase section */

/* Begin PBXGroup section */
		4D0339E42AE4F280006078AB = {
			isa = PBXGroup;
			children = (
				4D0339EF2AE4F280006078AB /* videoPlayer */,
				4D033A062AE4F282006078AB /* videoPlayerTests */,
				4D033A102AE4F282006078AB /* videoPlayerUITests */,
				4D0339EE2AE4F280006078AB /* Products */,
			);
			sourceTree = "<group>";
		};
		4D0339EE2AE4F280006078AB /* Products */ = {
			isa = PBXGroup;
			children = (
				4D0339ED2AE4F280006078AB /* videoPlayer.app */,
				4D033A032AE4F282006078AB /* videoPlayerTests.xctest */,
				4D033A0D2AE4F282006078AB /* videoPlayerUITests.xctest */,
			);
			name = Products;
			sourceTree = "<group>";
		};
		4D0339EF2AE4F280006078AB /* videoPlayer */ = {
			isa = PBXGroup;
			children = (
				4D0339F02AE4F280006078AB /* AppDelegate.swift */,
				4D0339F22AE4F280006078AB /* SceneDelegate.swift */,
				4D0339F42AE4F280006078AB /* ViewController.swift */,
				4D0339F62AE4F280006078AB /* Main.storyboard */,
				4D0339F92AE4F282006078AB /* Assets.xcassets */,
				4D033A222AE4F5BA006078AB /* testFile.MP4 */,
				4D0339FB2AE4F282006078AB /* LaunchScreen.storyboard */,
				4D0339FE2AE4F282006078AB /* Info.plist */,
			);
			path = videoPlayer;
			sourceTree = "<group>";
		};
		4D033A062AE4F282006078AB /* videoPlayerTests */ = {
			isa = PBXGroup;
			children = (
				4D033A072AE4F282006078AB /* videoPlayerTests.swift */,
			);
			path = videoPlayerTests;
			sourceTree = "<group>";
		};
		4D033A102AE4F282006078AB /* videoPlayerUITests */ = {
			isa = PBXGroup;
			children = (
				4D033A112AE4F282006078AB /* videoPlayerUITests.swift */,
				4D033A132AE4F282006078AB /* videoPlayerUITestsLaunchTests.swift */,
			);
			path = videoPlayerUITests;
			sourceTree = "<group>";
		};
/* End PBXGroup section */

/* Begin PBXNativeTarget section */
		4D0339EC2AE4F280006078AB /* videoPlayer */ = {
			isa = PBXNativeTarget;
			buildConfigurationList = 4D033A172AE4F282006078AB /* Build configuration list for PBXNativeTarget "videoPlayer" */;
			buildPhases = (
				4D0339E92AE4F280006078AB /* Sources */,
				4D0339EA2AE4F280006078AB /* Frameworks */,
				4D0339EB2AE4F280006078AB /* Resources */,
			);
			buildRules = (
			);
			dependencies = (
			);
			name = videoPlayer;
			productName = videoPlayer;
			productReference = 4D0339ED2AE4F280006078AB /* videoPlayer.app */;
			productType = "com.apple.product-type.application";
		};
		4D033A022AE4F282006078AB /* videoPlayerTests */ = {
			isa = PBXNativeTarget;
			buildConfigurationList = 4D033A1A2AE4F282006078AB /* Build configuration list for PBXNativeTarget "videoPlayerTests" */;
			buildPhases = (
				4D0339FF2AE4F282006078AB /* Sources */,
				4D033A002AE4F282006078AB /* Frameworks */,
				4D033A012AE4F282006078AB /* Resources */,
			);
			buildRules = (
			);
			dependencies = (
				4D033A052AE4F282006078AB /* PBXTargetDependency */,
			);
			name = videoPlayerTests;
			productName = videoPlayerTests;
			productReference = 4D033A032AE4F282006078AB /* videoPlayerTests.xctest */;
			productType = "com.apple.product-type.bundle.unit-test";
		};
		4D033A0C2AE4F282006078AB /* videoPlayerUITests */ = {
			isa = PBXNativeTarget;
			buildConfigurationList = 4D033A1D2AE4F282006078AB /* Build configuration list for PBXNativeTarget "videoPlayerUITests" */;
			buildPhases = (
				4D033A092AE4F282006078AB /* Sources */,
				4D033A0A2AE4F282006078AB /* Frameworks */,
				4D033A0B2AE4F282006078AB /* Resources */,
			);
			buildRules = (
			);
			dependencies = (
				4D033A0F2AE4F282006078AB /* PBXTargetDependency */,
			);
			name = videoPlayerUITests;
			productName = videoPlayerUITests;
			productReference = 4D033A0D2AE4F282006078AB /* videoPlayerUITests.xctest */;
			productType = "com.apple.product-type.bundle.ui-testing";
		};
/* End PBXNativeTarget section */

/* Begin PBXProject section */
		4D0339E52AE4F280006078AB /* Project object */ = {
			isa = PBXProject;
			attributes = {
				BuildIndependentTargetsInParallel = 1;
				LastSwiftUpdateCheck = 1500;
				LastUpgradeCheck = 1500;
				TargetAttributes = {
					4D0339EC2AE4F280006078AB = {
						CreatedOnToolsVersion = 15.0;
					};
					4D033A022AE4F282006078AB = {
						CreatedOnToolsVersion = 15.0;
						TestTargetID = 4D0339EC2AE4F280006078AB;
					};
					4D033A0C2AE4F282006078AB = {
						CreatedOnToolsVersion = 15.0;
						TestTargetID = 4D0339EC2AE4F280006078AB;
					};
				};
			};
			buildConfigurationList = 4D0339E82AE4F280006078AB /* Build configuration list for PBXProject "videoPlayer" */;
			compatibilityVersion = "Xcode 14.0";
			developmentRegion = en;
			hasScannedForEncodings = 0;
			knownRegions = (
				en,
				Base,
			);
			mainGroup = 4D0339E42AE4F280006078AB;
			productRefGroup = 4D0339EE2AE4F280006078AB /* Products */;
			projectDirPath = "";
			projectRoot = "";
			targets = (
				4D0339EC2AE4F280006078AB /* videoPlayer */,
				4D033A022AE4F282006078AB /* videoPlayerTests */,
				4D033A0C2AE4F282006078AB /* videoPlayerUITests */,
			);
		};
/* End PBXProject section */

/* Begin PBXResourcesBuildPhase section */
		4D0339EB2AE4F280006078AB /* Resources */ = {
			isa = PBXResourcesBuildPhase;
			buildActionMask = 2147483647;
			files = (
				4D0339FD2AE4F282006078AB /* LaunchScreen.storyboard in Resources */,
				4D0339FA2AE4F282006078AB /* Assets.xcassets in Resources */,
				4D0339F82AE4F280006078AB /* Main.storyboard in Resources */,
				4D033A232AE4F5BA006078AB /* testFile.MP4 in Resources */,
			);
			runOnlyForDeploymentPostprocessing = 0;
		};
		4D033A012AE4F282006078AB /* Resources */ = {
			isa = PBXResourcesBuildPhase;
			buildActionMask = 2147483647;
			files = (
			);
			runOnlyForDeploymentPostprocessing = 0;
		};
		4D033A0B2AE4F282006078AB /* Resources */ = {
			isa = PBXResourcesBuildPhase;
			buildActionMask = 2147483647;
			files = (
			);
			runOnlyForDeploymentPostprocessing = 0;
		};
/* End PBXResourcesBuildPhase section */

/* Begin PBXSourcesBuildPhase section */
		4D0339E92AE4F280006078AB /* Sources */ = {
			isa = PBXSourcesBuildPhase;
			buildActionMask = 2147483647;
			files = (
				4D0339F52AE4F280006078AB /* ViewController.swift in Sources */,
				4D0339F12AE4F280006078AB /* AppDelegate.swift in Sources */,
				4D0339F32AE4F280006078AB /* SceneDelegate.swift in Sources */,
			);
			runOnlyForDeploymentPostprocessing = 0;
		};
		4D0339FF2AE4F282006078AB /* Sources */ = {
			isa = PBXSourcesBuildPhase;
			buildActionMask = 2147483647;
			files = (
				4D033A082AE4F282006078AB /* videoPlayerTests.swift in Sources */,
			);
			runOnlyForDeploymentPostprocessing = 0;
		};
		4D033A092AE4F282006078AB /* Sources */ = {
			isa = PBXSourcesBuildPhase;
			buildActionMask = 2147483647;
			files = (
				4D033A122AE4F282006078AB /* videoPlayerUITests.swift in Sources */,
				4D033A142AE4F282006078AB /* videoPlayerUITestsLaunchTests.swift in Sources */,
			);
			runOnlyForDeploymentPostprocessing = 0;
		};
/* End PBXSourcesBuildPhase section */

/* Begin PBXTargetDependency section */
		4D033A052AE4F282006078AB /* PBXTargetDependency */ = {
			isa = PBXTargetDependency;
			target = 4D0339EC2AE4F280006078AB /* videoPlayer */;
			targetProxy = 4D033A042AE4F282006078AB /* PBXContainerItemProxy */;
		};
		4D033A0F2AE4F282006078AB /* PBXTargetDependency */ = {
			isa = PBXTargetDependency;
			target = 4D0339EC2AE4F280006078AB /* videoPlayer */;
			targetProxy = 4D033A0E2AE4F282006078AB /* PBXContainerItemProxy */;
		};
/* End PBXTargetDependency section */

/* Begin PBXVariantGroup section */
		4D0339F62AE4F280006078AB /* Main.storyboard */ = {
			isa = PBXVariantGroup;
			children = (
				4D0339F72AE4F280006078AB /* Base */,
			);
			name = Main.storyboard;
			sourceTree = "<group>";
		};
		4D0339FB2AE4F282006078AB /* LaunchScreen.storyboard */ = {
			isa = PBXVariantGroup;
			children = (
				4D0339FC2AE4F282006078AB /* Base */,
			);
			name = LaunchScreen.storyboard;
			sourceTree = "<group>";
		};
/* End PBXVariantGroup section */

/* Begin XCBuildConfiguration section */
		4D033A152AE4F282006078AB /* Debug */ = {
			isa = XCBuildConfiguration;
			buildSettings = {
				ALWAYS_SEARCH_USER_PATHS = NO;
				ASSETCATALOG_COMPILER_GENERATE_SWIFT_ASSET_SYMBOL_EXTENSIONS = YES;
				CLANG_ANALYZER_NONNULL = YES;
				CLANG_ANALYZER_NUMBER_OBJECT_CONVERSION = YES_AGGRESSIVE;
				CLANG_CXX_LANGUAGE_STANDARD = "gnu++20";
				CLANG_ENABLE_MODULES = YES;
				CLANG_ENABLE_OBJC_ARC = YES;
				CLANG_ENABLE_OBJC_WEAK = YES;
				CLANG_WARN_BLOCK_CAPTURE_AUTORELEASING = YES;
				CLANG_WARN_BOOL_CONVERSION = YES;
				CLANG_WARN_COMMA = YES;
				CLANG_WARN_CONSTANT_CONVERSION = YES;
				CLANG_WARN_DEPRECATED_OBJC_IMPLEMENTATIONS = YES;
				CLANG_WARN_DIRECT_OBJC_ISA_USAGE = YES_ERROR;
				CLANG_WARN_DOCUMENTATION_COMMENTS = YES;
				CLANG_WARN_EMPTY_BODY = YES;
				CLANG_WARN_ENUM_CONVERSION = YES;
				CLANG_WARN_INFINITE_RECURSION = YES;
				CLANG_WARN_INT_CONVERSION = YES;
				CLANG_WARN_NON_LITERAL_NULL_CONVERSION = YES;
				CLANG_WARN_OBJC_IMPLICIT_RETAIN_SELF = YES;
				CLANG_WARN_OBJC_LITERAL_CONVERSION = YES;
				CLANG_WARN_OBJC_ROOT_CLASS = YES_ERROR;
				CLANG_WARN_QUOTED_INCLUDE_IN_FRAMEWORK_HEADER = YES;
				CLANG_WARN_RANGE_LOOP_ANALYSIS = YES;
				CLANG_WARN_STRICT_PROTOTYPES = YES;
				CLANG_WARN_SUSPICIOUS_MOVE = YES;
				CLANG_WARN_UNGUARDED_AVAILABILITY = YES_AGGRESSIVE;
				CLANG_WARN_UNREACHABLE_CODE = YES;
				CLANG_WARN__DUPLICATE_METHOD_MATCH = YES;
				COPY_PHASE_STRIP = NO;
				DEBUG_INFORMATION_FORMAT = dwarf;
				ENABLE_STRICT_OBJC_MSGSEND = YES;
				ENABLE_TESTABILITY = YES;
				ENABLE_USER_SCRIPT_SANDBOXING = YES;
				GCC_C_LANGUAGE_STANDARD = gnu17;
				GCC_DYNAMIC_NO_PIC = NO;
				GCC_NO_COMMON_BLOCKS = YES;
				GCC_OPTIMIZATION_LEVEL = 0;
				GCC_PREPROCESSOR_DEFINITIONS = (
					"DEBUG=1",
					"$(inherited)",
				);
				GCC_WARN_64_TO_32_BIT_CONVERSION = YES;
				GCC_WARN_ABOUT_RETURN_TYPE = YES_ERROR;
				GCC_WARN_UNDECLARED_SELECTOR = YES;
				GCC_WARN_UNINITIALIZED_AUTOS = YES_AGGRESSIVE;
				GCC_WARN_UNUSED_FUNCTION = YES;
				GCC_WARN_UNUSED_VARIABLE = YES;
				IPHONEOS_DEPLOYMENT_TARGET = 17.0;
				LOCALIZATION_PREFERS_STRING_CATALOGS = YES;
				MTL_ENABLE_DEBUG_INFO = INCLUDE_SOURCE;
				MTL_FAST_MATH = YES;
				ONLY_ACTIVE_ARCH = YES;
				SDKROOT = iphoneos;
				SWIFT_ACTIVE_COMPILATION_CONDITIONS = "DEBUG $(inherited)";
				SWIFT_OPTIMIZATION_LEVEL = "-Onone";
			};
			name = Debug;
		};
		4D033A162AE4F282006078AB /* Release */ = {
			isa = XCBuildConfiguration;
			buildSettings = {
				ALWAYS_SEARCH_USER_PATHS = NO;
				ASSETCATALOG_COMPILER_GENERATE_SWIFT_ASSET_SYMBOL_EXTENSIONS = YES;
				CLANG_ANALYZER_NONNULL = YES;
				CLANG_ANALYZER_NUMBER_OBJECT_CONVERSION = YES_AGGRESSIVE;
				CLANG_CXX_LANGUAGE_STANDARD = "gnu++20";
				CLANG_ENABLE_MODULES = YES;
				CLANG_ENABLE_OBJC_ARC = YES;
				CLANG_ENABLE_OBJC_WEAK = YES;
				CLANG_WARN_BLOCK_CAPTURE_AUTORELEASING = YES;
				CLANG_WARN_BOOL_CONVERSION = YES;
				CLANG_WARN_COMMA = YES;
				CLANG_WARN_CONSTANT_CONVERSION = YES;
				CLANG_WARN_DEPRECATED_OBJC_IMPLEMENTATIONS = YES;
				CLANG_WARN_DIRECT_OBJC_ISA_USAGE = YES_ERROR;
				CLANG_WARN_DOCUMENTATION_COMMENTS = YES;
				CLANG_WARN_EMPTY_BODY = YES;
				CLANG_WARN_ENUM_CONVERSION = YES;
				CLANG_WARN_INFINITE_RECURSION = YES;
				CLANG_WARN_INT_CONVERSION = YES;
				CLANG_WARN_NON_LITERAL_NULL_CONVERSION = YES;
				CLANG_WARN_OBJC_IMPLICIT_RETAIN_SELF = YES;
				CLANG_WARN_OBJC_LITERAL_CONVERSION = YES;
				CLANG_WARN_OBJC_ROOT_CLASS = YES_ERROR;
				CLANG_WARN_QUOTED_INCLUDE_IN_FRAMEWORK_HEADER = YES;
				CLANG_WARN_RANGE_LOOP_ANALYSIS = YES;
				CLANG_WARN_STRICT_PROTOTYPES = YES;
				CLANG_WARN_SUSPICIOUS_MOVE = YES;
				CLANG_WARN_UNGUARDED_AVAILABILITY = YES_AGGRESSIVE;
				CLANG_WARN_UNREACHABLE_CODE = YES;
				CLANG_WARN__DUPLICATE_METHOD_MATCH = YES;
				COPY_PHASE_STRIP = NO;
				DEBUG_INFORMATION_FORMAT = "dwarf-with-dsym";
				ENABLE_NS_ASSERTIONS = NO;
				ENABLE_STRICT_OBJC_MSGSEND = YES;
				ENABLE_USER_SCRIPT_SANDBOXING = YES;
				GCC_C_LANGUAGE_STANDARD = gnu17;
				GCC_NO_COMMON_BLOCKS = YES;
				GCC_WARN_64_TO_32_BIT_CONVERSION = YES;
				GCC_WARN_ABOUT_RETURN_TYPE = YES_ERROR;
				GCC_WARN_UNDECLARED_SELECTOR = YES;
				GCC_WARN_UNINITIALIZED_AUTOS = YES_AGGRESSIVE;
				GCC_WARN_UNUSED_FUNCTION = YES;
				GCC_WARN_UNUSED_VARIABLE = YES;
				IPHONEOS_DEPLOYMENT_TARGET = 17.0;
				LOCALIZATION_PREFERS_STRING_CATALOGS = YES;
				MTL_ENABLE_DEBUG_INFO = NO;
				MTL_FAST_MATH = YES;
				SDKROOT = iphoneos;
				SWIFT_COMPILATION_MODE = wholemodule;
				VALIDATE_PRODUCT = YES;
			};
			name = Release;
		};
		4D033A182AE4F282006078AB /* Debug */ = {
			isa = XCBuildConfiguration;
			buildSettings = {
				ASSETCATALOG_COMPILER_APPICON_NAME = AppIcon;
				ASSETCATALOG_COMPILER_GLOBAL_ACCENT_COLOR_NAME = AccentColor;
				CODE_SIGN_STYLE = Automatic;
				CURRENT_PROJECT_VERSION = 1;
				DEVELOPMENT_TEAM = 853K3F2A4U;
				GENERATE_INFOPLIST_FILE = YES;
				INFOPLIST_FILE = videoPlayer/Info.plist;
				INFOPLIST_KEY_UIApplicationSupportsIndirectInputEvents = YES;
				INFOPLIST_KEY_UILaunchStoryboardName = LaunchScreen;
				INFOPLIST_KEY_UIMainStoryboardFile = Main;
				INFOPLIST_KEY_UISupportedInterfaceOrientations_iPad = "UIInterfaceOrientationPortrait UIInterfaceOrientationPortraitUpsideDown UIInterfaceOrientationLandscapeLeft UIInterfaceOrientationLandscapeRight";
				INFOPLIST_KEY_UISupportedInterfaceOrientations_iPhone = "UIInterfaceOrientationPortrait UIInterfaceOrientationLandscapeLeft UIInterfaceOrientationLandscapeRight";
				LD_RUNPATH_SEARCH_PATHS = (
					"$(inherited)",
					"@executable_path/Frameworks",
				);
				MARKETING_VERSION = 1.0;
				PRODUCT_BUNDLE_IDENTIFIER = the.codeholic.videoPlayer;
				PRODUCT_NAME = "$(TARGET_NAME)";
				SWIFT_EMIT_LOC_STRINGS = YES;
				SWIFT_VERSION = 5.0;
				TARGETED_DEVICE_FAMILY = "1,2";
			};
			name = Debug;
		};
		4D033A192AE4F282006078AB /* Release */ = {
			isa = XCBuildConfiguration;
			buildSettings = {
				ASSETCATALOG_COMPILER_APPICON_NAME = AppIcon;
				ASSETCATALOG_COMPILER_GLOBAL_ACCENT_COLOR_NAME = AccentColor;
				CODE_SIGN_STYLE = Automatic;
				CURRENT_PROJECT_VERSION = 1;
				DEVELOPMENT_TEAM = 853K3F2A4U;
				GENERATE_INFOPLIST_FILE = YES;
				INFOPLIST_FILE = videoPlayer/Info.plist;
				INFOPLIST_KEY_UIApplicationSupportsIndirectInputEvents = YES;
				INFOPLIST_KEY_UILaunchStoryboardName = LaunchScreen;
				INFOPLIST_KEY_UIMainStoryboardFile = Main;
				INFOPLIST_KEY_UISupportedInterfaceOrientations_iPad = "UIInterfaceOrientationPortrait UIInterfaceOrientationPortraitUpsideDown UIInterfaceOrientationLandscapeLeft UIInterfaceOrientationLandscapeRight";
				INFOPLIST_KEY_UISupportedInterfaceOrientations_iPhone = "UIInterfaceOrientationPortrait UIInterfaceOrientationLandscapeLeft UIInterfaceOrientationLandscapeRight";
				LD_RUNPATH_SEARCH_PATHS = (
					"$(inherited)",
					"@executable_path/Frameworks",
				);
				MARKETING_VERSION = 1.0;
				PRODUCT_BUNDLE_IDENTIFIER = the.codeholic.videoPlayer;
				PRODUCT_NAME = "$(TARGET_NAME)";
				SWIFT_EMIT_LOC_STRINGS = YES;
				SWIFT_VERSION = 5.0;
				TARGETED_DEVICE_FAMILY = "1,2";
			};
			name = Release;
		};
		4D033A1B2AE4F282006078AB /* Debug */ = {
			isa = XCBuildConfiguration;
			buildSettings = {
				ALWAYS_EMBED_SWIFT_STANDARD_LIBRARIES = YES;
				BUNDLE_LOADER = "$(TEST_HOST)";
				CODE_SIGN_STYLE = Automatic;
				CURRENT_PROJECT_VERSION = 1;
				DEVELOPMENT_TEAM = 853K3F2A4U;
				GENERATE_INFOPLIST_FILE = YES;
				IPHONEOS_DEPLOYMENT_TARGET = 17.0;
				MARKETING_VERSION = 1.0;
				PRODUCT_BUNDLE_IDENTIFIER = the.codeholic.videoPlayerTests;
				PRODUCT_NAME = "$(TARGET_NAME)";
				SWIFT_EMIT_LOC_STRINGS = NO;
				SWIFT_VERSION = 5.0;
				TARGETED_DEVICE_FAMILY = "1,2";
				TEST_HOST = "$(BUILT_PRODUCTS_DIR)/videoPlayer.app/$(BUNDLE_EXECUTABLE_FOLDER_PATH)/videoPlayer";
			};
			name = Debug;
		};
		4D033A1C2AE4F282006078AB /* Release */ = {
			isa = XCBuildConfiguration;
			buildSettings = {
				ALWAYS_EMBED_SWIFT_STANDARD_LIBRARIES = YES;
				BUNDLE_LOADER = "$(TEST_HOST)";
				CODE_SIGN_STYLE = Automatic;
				CURRENT_PROJECT_VERSION = 1;
				DEVELOPMENT_TEAM = 853K3F2A4U;
				GENERATE_INFOPLIST_FILE = YES;
				IPHONEOS_DEPLOYMENT_TARGET = 17.0;
				MARKETING_VERSION = 1.0;
				PRODUCT_BUNDLE_IDENTIFIER = the.codeholic.videoPlayerTests;
				PRODUCT_NAME = "$(TARGET_NAME)";
				SWIFT_EMIT_LOC_STRINGS = NO;
				SWIFT_VERSION = 5.0;
				TARGETED_DEVICE_FAMILY = "1,2";
				TEST_HOST = "$(BUILT_PRODUCTS_DIR)/videoPlayer.app/$(BUNDLE_EXECUTABLE_FOLDER_PATH)/videoPlayer";
			};
			name = Release;
		};
		4D033A1E2AE4F282006078AB /* Debug */ = {
			isa = XCBuildConfiguration;
			buildSettings = {
				ALWAYS_EMBED_SWIFT_STANDARD_LIBRARIES = YES;
				CODE_SIGN_STYLE = Automatic;
				CURRENT_PROJECT_VERSION = 1;
				DEVELOPMENT_TEAM = 853K3F2A4U;
				GENERATE_INFOPLIST_FILE = YES;
				MARKETING_VERSION = 1.0;
				PRODUCT_BUNDLE_IDENTIFIER = the.codeholic.videoPlayerUITests;
				PRODUCT_NAME = "$(TARGET_NAME)";
				SWIFT_EMIT_LOC_STRINGS = NO;
				SWIFT_VERSION = 5.0;
				TARGETED_DEVICE_FAMILY = "1,2";
				TEST_TARGET_NAME = videoPlayer;
			};
			name = Debug;
		};
		4D033A1F2AE4F282006078AB /* Release */ = {
			isa = XCBuildConfiguration;
			buildSettings = {
				ALWAYS_EMBED_SWIFT_STANDARD_LIBRARIES = YES;
				CODE_SIGN_STYLE = Automatic;
				CURRENT_PROJECT_VERSION = 1;
				DEVELOPMENT_TEAM = 853K3F2A4U;
				GENERATE_INFOPLIST_FILE = YES;
				MARKETING_VERSION = 1.0;
				PRODUCT_BUNDLE_IDENTIFIER = the.codeholic.videoPlayerUITests;
				PRODUCT_NAME = "$(TARGET_NAME)";
				SWIFT_EMIT_LOC_STRINGS = NO;
				SWIFT_VERSION = 5.0;
				TARGETED_DEVICE_FAMILY = "1,2";
				TEST_TARGET_NAME = videoPlayer;
			};
			name = Release;
		};
/* End XCBuildConfiguration section */

/* Begin XCConfigurationList section */
		4D0339E82AE4F280006078AB /* Build configuration list for PBXProject "videoPlayer" */ = {
			isa = XCConfigurationList;
			buildConfigurations = (
				4D033A152AE4F282006078AB /* Debug */,
				4D033A162AE4F282006078AB /* Release */,
			);
			defaultConfigurationIsVisible = 0;
			defaultConfigurationName = Release;
		};
		4D033A172AE4F282006078AB /* Build configuration list for PBXNativeTarget "videoPlayer" */ = {
			isa = XCConfigurationList;
			buildConfigurations = (
				4D033A182AE4F282006078AB /* Debug */,
				4D033A192AE4F282006078AB /* Release */,
			);
			defaultConfigurationIsVisible = 0;
			defaultConfigurationName = Release;
		};
		4D033A1A2AE4F282006078AB /* Build configuration list for PBXNativeTarget "videoPlayerTests" */ = {
			isa = XCConfigurationList;
			buildConfigurations = (
				4D033A1B2AE4F282006078AB /* Debug */,
				4D033A1C2AE4F282006078AB /* Release */,
			);
			defaultConfigurationIsVisible = 0;
			defaultConfigurationName = Release;
		};
		4D033A1D2AE4F282006078AB /* Build configuration list for PBXNativeTarget "videoPlayerUITests" */ = {
			isa = XCConfigurationList;
			buildConfigurations = (
				4D033A1E2AE4F282006078AB /* Debug */,
				4D033A1F2AE4F282006078AB /* Release */,
			);
			defaultConfigurationIsVisible = 0;
			defaultConfigurationName = Release;
		};
/* End XCConfigurationList section */
	};
	rootObject = 4D0339E52AE4F280006078AB /* Project object */;
}
