// !$*UTF8*$!
{
	archiveVersion = 1;
	classes = {
	};
	objectVersion = 56;
	objects = {

/* Begin PBXBuildFile section */
		4DE55EF22B1B97EF00434EAE /* Gestures_and_callbacksApp.swift in Sources */ = {isa = PBXBuildFile; fileRef = 4DE55EF12B1B97EF00434EAE /* Gestures_and_callbacksApp.swift */; };
		4DE55EF42B1B97EF00434EAE /* ContentView.swift in Sources */ = {isa = PBXBuildFile; fileRef = 4DE55EF32B1B97EF00434EAE /* ContentView.swift */; };
		4DE55EF62B1B97F100434EAE /* Assets.xcassets in Resources */ = {isa = PBXBuildFile; fileRef = 4DE55EF52B1B97F100434EAE /* Assets.xcassets */; };
		4DE55EF92B1B97F100434EAE /* Preview Assets.xcassets in Resources */ = {isa = PBXBuildFile; fileRef = 4DE55EF82B1B97F100434EAE /* Preview Assets.xcassets */; };
		4DE55F032B1B97F200434EAE /* Gestures_and_callbacksTests.swift in Sources */ = {isa = PBXBuildFile; fileRef = 4DE55F022B1B97F200434EAE /* Gestures_and_callbacksTests.swift */; };
		4DE55F0D2B1B97F200434EAE /* Gestures_and_callbacksUITests.swift in Sources */ = {isa = PBXBuildFile; fileRef = 4DE55F0C2B1B97F200434EAE /* Gestures_and_callbacksUITests.swift */; };
		4DE55F0F2B1B97F200434EAE /* Gestures_and_callbacksUITestsLaunchTests.swift in Sources */ = {isa = PBXBuildFile; fileRef = 4DE55F0E2B1B97F200434EAE /* Gestures_and_callbacksUITestsLaunchTests.swift */; };
/* End PBXBuildFile section */

/* Begin PBXContainerItemProxy section */
		4DE55EFF2B1B97F200434EAE /* PBXContainerItemProxy */ = {
			isa = PBXContainerItemProxy;
			containerPortal = 4DE55EE62B1B97EF00434EAE /* Project object */;
			proxyType = 1;
			remoteGlobalIDString = 4DE55EED2B1B97EF00434EAE;
			remoteInfo = "Gestures and callbacks";
		};
		4DE55F092B1B97F200434EAE /* PBXContainerItemProxy */ = {
			isa = PBXContainerItemProxy;
			containerPortal = 4DE55EE62B1B97EF00434EAE /* Project object */;
			proxyType = 1;
			remoteGlobalIDString = 4DE55EED2B1B97EF00434EAE;
			remoteInfo = "Gestures and callbacks";
		};
/* End PBXContainerItemProxy section */

/* Begin PBXFileReference section */
		4DE55EEE2B1B97EF00434EAE /* Gestures and callbacks.app */ = {isa = PBXFileReference; explicitFileType = wrapper.application; includeInIndex = 0; path = "Gestures and callbacks.app"; sourceTree = BUILT_PRODUCTS_DIR; };
		4DE55EF12B1B97EF00434EAE /* Gestures_and_callbacksApp.swift */ = {isa = PBXFileReference; lastKnownFileType = sourcecode.swift; path = Gestures_and_callbacksApp.swift; sourceTree = "<group>"; };
		4DE55EF32B1B97EF00434EAE /* ContentView.swift */ = {isa = PBXFileReference; lastKnownFileType = sourcecode.swift; path = ContentView.swift; sourceTree = "<group>"; };
		4DE55EF52B1B97F100434EAE /* Assets.xcassets */ = {isa = PBXFileReference; lastKnownFileType = folder.assetcatalog; path = Assets.xcassets; sourceTree = "<group>"; };
		4DE55EF82B1B97F100434EAE /* Preview Assets.xcassets */ = {isa = PBXFileReference; lastKnownFileType = folder.assetcatalog; path = "Preview Assets.xcassets"; sourceTree = "<group>"; };
		4DE55EFE2B1B97F200434EAE /* Gestures and callbacksTests.xctest */ = {isa = PBXFileReference; explicitFileType = wrapper.cfbundle; includeInIndex = 0; path = "Gestures and callbacksTests.xctest"; sourceTree = BUILT_PRODUCTS_DIR; };
		4DE55F022B1B97F200434EAE /* Gestures_and_callbacksTests.swift */ = {isa = PBXFileReference; lastKnownFileType = sourcecode.swift; path = Gestures_and_callbacksTests.swift; sourceTree = "<group>"; };
		4DE55F082B1B97F200434EAE /* Gestures and callbacksUITests.xctest */ = {isa = PBXFileReference; explicitFileType = wrapper.cfbundle; includeInIndex = 0; path = "Gestures and callbacksUITests.xctest"; sourceTree = BUILT_PRODUCTS_DIR; };
		4DE55F0C2B1B97F200434EAE /* Gestures_and_callbacksUITests.swift */ = {isa = PBXFileReference; lastKnownFileType = sourcecode.swift; path = Gestures_and_callbacksUITests.swift; sourceTree = "<group>"; };
		4DE55F0E2B1B97F200434EAE /* Gestures_and_callbacksUITestsLaunchTests.swift */ = {isa = PBXFileReference; lastKnownFileType = sourcecode.swift; path = Gestures_and_callbacksUITestsLaunchTests.swift; sourceTree = "<group>"; };
/* End PBXFileReference section */

/* Begin PBXFrameworksBuildPhase section */
		4DE55EEB2B1B97EF00434EAE /* Frameworks */ = {
			isa = PBXFrameworksBuildPhase;
			buildActionMask = 2147483647;
			files = (
			);
			runOnlyForDeploymentPostprocessing = 0;
		};
		4DE55EFB2B1B97F200434EAE /* Frameworks */ = {
			isa = PBXFrameworksBuildPhase;
			buildActionMask = 2147483647;
			files = (
			);
			runOnlyForDeploymentPostprocessing = 0;
		};
		4DE55F052B1B97F200434EAE /* Frameworks */ = {
			isa = PBXFrameworksBuildPhase;
			buildActionMask = 2147483647;
			files = (
			);
			runOnlyForDeploymentPostprocessing = 0;
		};
/* End PBXFrameworksBuildPhase section */

/* Begin PBXGroup section */
		4DE55EE52B1B97EF00434EAE = {
			isa = PBXGroup;
			children = (
				4DE55EF02B1B97EF00434EAE /* Gestures and callbacks */,
				4DE55F012B1B97F200434EAE /* Gestures and callbacksTests */,
				4DE55F0B2B1B97F200434EAE /* Gestures and callbacksUITests */,
				4DE55EEF2B1B97EF00434EAE /* Products */,
			);
			sourceTree = "<group>";
		};
		4DE55EEF2B1B97EF00434EAE /* Products */ = {
			isa = PBXGroup;
			children = (
				4DE55EEE2B1B97EF00434EAE /* Gestures and callbacks.app */,
				4DE55EFE2B1B97F200434EAE /* Gestures and callbacksTests.xctest */,
				4DE55F082B1B97F200434EAE /* Gestures and callbacksUITests.xctest */,
			);
			name = Products;
			sourceTree = "<group>";
		};
		4DE55EF02B1B97EF00434EAE /* Gestures and callbacks */ = {
			isa = PBXGroup;
			children = (
				4DE55EF12B1B97EF00434EAE /* Gestures_and_callbacksApp.swift */,
				4DE55EF32B1B97EF00434EAE /* ContentView.swift */,
				4DE55EF52B1B97F100434EAE /* Assets.xcassets */,
				4DE55EF72B1B97F100434EAE /* Preview Content */,
			);
			path = "Gestures and callbacks";
			sourceTree = "<group>";
		};
		4DE55EF72B1B97F100434EAE /* Preview Content */ = {
			isa = PBXGroup;
			children = (
				4DE55EF82B1B97F100434EAE /* Preview Assets.xcassets */,
			);
			path = "Preview Content";
			sourceTree = "<group>";
		};
		4DE55F012B1B97F200434EAE /* Gestures and callbacksTests */ = {
			isa = PBXGroup;
			children = (
				4DE55F022B1B97F200434EAE /* Gestures_and_callbacksTests.swift */,
			);
			path = "Gestures and callbacksTests";
			sourceTree = "<group>";
		};
		4DE55F0B2B1B97F200434EAE /* Gestures and callbacksUITests */ = {
			isa = PBXGroup;
			children = (
				4DE55F0C2B1B97F200434EAE /* Gestures_and_callbacksUITests.swift */,
				4DE55F0E2B1B97F200434EAE /* Gestures_and_callbacksUITestsLaunchTests.swift */,
			);
			path = "Gestures and callbacksUITests";
			sourceTree = "<group>";
		};
/* End PBXGroup section */

/* Begin PBXNativeTarget section */
		4DE55EED2B1B97EF00434EAE /* Gestures and callbacks */ = {
			isa = PBXNativeTarget;
			buildConfigurationList = 4DE55F122B1B97F200434EAE /* Build configuration list for PBXNativeTarget "Gestures and callbacks" */;
			buildPhases = (
				4DE55EEA2B1B97EF00434EAE /* Sources */,
				4DE55EEB2B1B97EF00434EAE /* Frameworks */,
				4DE55EEC2B1B97EF00434EAE /* Resources */,
			);
			buildRules = (
			);
			dependencies = (
			);
			name = "Gestures and callbacks";
			productName = "Gestures and callbacks";
			productReference = 4DE55EEE2B1B97EF00434EAE /* Gestures and callbacks.app */;
			productType = "com.apple.product-type.application";
		};
		4DE55EFD2B1B97F200434EAE /* Gestures and callbacksTests */ = {
			isa = PBXNativeTarget;
			buildConfigurationList = 4DE55F152B1B97F200434EAE /* Build configuration list for PBXNativeTarget "Gestures and callbacksTests" */;
			buildPhases = (
				4DE55EFA2B1B97F200434EAE /* Sources */,
				4DE55EFB2B1B97F200434EAE /* Frameworks */,
				4DE55EFC2B1B97F200434EAE /* Resources */,
			);
			buildRules = (
			);
			dependencies = (
				4DE55F002B1B97F200434EAE /* PBXTargetDependency */,
			);
			name = "Gestures and callbacksTests";
			productName = "Gestures and callbacksTests";
			productReference = 4DE55EFE2B1B97F200434EAE /* Gestures and callbacksTests.xctest */;
			productType = "com.apple.product-type.bundle.unit-test";
		};
		4DE55F072B1B97F200434EAE /* Gestures and callbacksUITests */ = {
			isa = PBXNativeTarget;
			buildConfigurationList = 4DE55F182B1B97F200434EAE /* Build configuration list for PBXNativeTarget "Gestures and callbacksUITests" */;
			buildPhases = (
				4DE55F042B1B97F200434EAE /* Sources */,
				4DE55F052B1B97F200434EAE /* Frameworks */,
				4DE55F062B1B97F200434EAE /* Resources */,
			);
			buildRules = (
			);
			dependencies = (
				4DE55F0A2B1B97F200434EAE /* PBXTargetDependency */,
			);
			name = "Gestures and callbacksUITests";
			productName = "Gestures and callbacksUITests";
			productReference = 4DE55F082B1B97F200434EAE /* Gestures and callbacksUITests.xctest */;
			productType = "com.apple.product-type.bundle.ui-testing";
		};
/* End PBXNativeTarget section */

/* Begin PBXProject section */
		4DE55EE62B1B97EF00434EAE /* Project object */ = {
			isa = PBXProject;
			attributes = {
				BuildIndependentTargetsInParallel = 1;
				LastSwiftUpdateCheck = 1500;
				LastUpgradeCheck = 1500;
				TargetAttributes = {
					4DE55EED2B1B97EF00434EAE = {
						CreatedOnToolsVersion = 15.0.1;
					};
					4DE55EFD2B1B97F200434EAE = {
						CreatedOnToolsVersion = 15.0.1;
						TestTargetID = 4DE55EED2B1B97EF00434EAE;
					};
					4DE55F072B1B97F200434EAE = {
						CreatedOnToolsVersion = 15.0.1;
						TestTargetID = 4DE55EED2B1B97EF00434EAE;
					};
				};
			};
			buildConfigurationList = 4DE55EE92B1B97EF00434EAE /* Build configuration list for PBXProject "Gestures and callbacks" */;
			compatibilityVersion = "Xcode 14.0";
			developmentRegion = en;
			hasScannedForEncodings = 0;
			knownRegions = (
				en,
				Base,
			);
			mainGroup = 4DE55EE52B1B97EF00434EAE;
			productRefGroup = 4DE55EEF2B1B97EF00434EAE /* Products */;
			projectDirPath = "";
			projectRoot = "";
			targets = (
				4DE55EED2B1B97EF00434EAE /* Gestures and callbacks */,
				4DE55EFD2B1B97F200434EAE /* Gestures and callbacksTests */,
				4DE55F072B1B97F200434EAE /* Gestures and callbacksUITests */,
			);
		};
/* End PBXProject section */

/* Begin PBXResourcesBuildPhase section */
		4DE55EEC2B1B97EF00434EAE /* Resources */ = {
			isa = PBXResourcesBuildPhase;
			buildActionMask = 2147483647;
			files = (
				4DE55EF92B1B97F100434EAE /* Preview Assets.xcassets in Resources */,
				4DE55EF62B1B97F100434EAE /* Assets.xcassets in Resources */,
			);
			runOnlyForDeploymentPostprocessing = 0;
		};
		4DE55EFC2B1B97F200434EAE /* Resources */ = {
			isa = PBXResourcesBuildPhase;
			buildActionMask = 2147483647;
			files = (
			);
			runOnlyForDeploymentPostprocessing = 0;
		};
		4DE55F062B1B97F200434EAE /* Resources */ = {
			isa = PBXResourcesBuildPhase;
			buildActionMask = 2147483647;
			files = (
			);
			runOnlyForDeploymentPostprocessing = 0;
		};
/* End PBXResourcesBuildPhase section */

/* Begin PBXSourcesBuildPhase section */
		4DE55EEA2B1B97EF00434EAE /* Sources */ = {
			isa = PBXSourcesBuildPhase;
			buildActionMask = 2147483647;
			files = (
				4DE55EF42B1B97EF00434EAE /* ContentView.swift in Sources */,
				4DE55EF22B1B97EF00434EAE /* Gestures_and_callbacksApp.swift in Sources */,
			);
			runOnlyForDeploymentPostprocessing = 0;
		};
		4DE55EFA2B1B97F200434EAE /* Sources */ = {
			isa = PBXSourcesBuildPhase;
			buildActionMask = 2147483647;
			files = (
				4DE55F032B1B97F200434EAE /* Gestures_and_callbacksTests.swift in Sources */,
			);
			runOnlyForDeploymentPostprocessing = 0;
		};
		4DE55F042B1B97F200434EAE /* Sources */ = {
			isa = PBXSourcesBuildPhase;
			buildActionMask = 2147483647;
			files = (
				4DE55F0D2B1B97F200434EAE /* Gestures_and_callbacksUITests.swift in Sources */,
				4DE55F0F2B1B97F200434EAE /* Gestures_and_callbacksUITestsLaunchTests.swift in Sources */,
			);
			runOnlyForDeploymentPostprocessing = 0;
		};
/* End PBXSourcesBuildPhase section */

/* Begin PBXTargetDependency section */
		4DE55F002B1B97F200434EAE /* PBXTargetDependency */ = {
			isa = PBXTargetDependency;
			target = 4DE55EED2B1B97EF00434EAE /* Gestures and callbacks */;
			targetProxy = 4DE55EFF2B1B97F200434EAE /* PBXContainerItemProxy */;
		};
		4DE55F0A2B1B97F200434EAE /* PBXTargetDependency */ = {
			isa = PBXTargetDependency;
			target = 4DE55EED2B1B97EF00434EAE /* Gestures and callbacks */;
			targetProxy = 4DE55F092B1B97F200434EAE /* PBXContainerItemProxy */;
		};
/* End PBXTargetDependency section */

/* Begin XCBuildConfiguration section */
		4DE55F102B1B97F200434EAE /* Debug */ = {
			isa = XCBuildConfiguration;
			buildSettings = {
				ALWAYS_SEARCH_USER_PATHS = NO;
				ASSETCATALOG_COMPILER_GENERATE_SWIFT_ASSET_SYMBOL_EXTENSIONS = YES;
				CLANG_ANALYZER_NONNULL = YES;
				CLANG_ANALYZER_NUMBER_OBJECT_CONVERSION = YES_AGGRESSIVE;
				CLANG_CXX_LANGUAGE_STANDARD = "gnu++20";
				CLANG_ENABLE_MODULES = YES;
				CLANG_ENABLE_OBJC_ARC = YES;
				CLANG_ENABLE_OBJC_WEAK = YES;
				CLANG_WARN_BLOCK_CAPTURE_AUTORELEASING = YES;
				CLANG_WARN_BOOL_CONVERSION = YES;
				CLANG_WARN_COMMA = YES;
				CLANG_WARN_CONSTANT_CONVERSION = YES;
				CLANG_WARN_DEPRECATED_OBJC_IMPLEMENTATIONS = YES;
				CLANG_WARN_DIRECT_OBJC_ISA_USAGE = YES_ERROR;
				CLANG_WARN_DOCUMENTATION_COMMENTS = YES;
				CLANG_WARN_EMPTY_BODY = YES;
				CLANG_WARN_ENUM_CONVERSION = YES;
				CLANG_WARN_INFINITE_RECURSION = YES;
				CLANG_WARN_INT_CONVERSION = YES;
				CLANG_WARN_NON_LITERAL_NULL_CONVERSION = YES;
				CLANG_WARN_OBJC_IMPLICIT_RETAIN_SELF = YES;
				CLANG_WARN_OBJC_LITERAL_CONVERSION = YES;
				CLANG_WARN_OBJC_ROOT_CLASS = YES_ERROR;
				CLANG_WARN_QUOTED_INCLUDE_IN_FRAMEWORK_HEADER = YES;
				CLANG_WARN_RANGE_LOOP_ANALYSIS = YES;
				CLANG_WARN_STRICT_PROTOTYPES = YES;
				CLANG_WARN_SUSPICIOUS_MOVE = YES;
				CLANG_WARN_UNGUARDED_AVAILABILITY = YES_AGGRESSIVE;
				CLANG_WARN_UNREACHABLE_CODE = YES;
				CLANG_WARN__DUPLICATE_METHOD_MATCH = YES;
				COPY_PHASE_STRIP = NO;
				DEBUG_INFORMATION_FORMAT = dwarf;
				ENABLE_STRICT_OBJC_MSGSEND = YES;
				ENABLE_TESTABILITY = YES;
				ENABLE_USER_SCRIPT_SANDBOXING = YES;
				GCC_C_LANGUAGE_STANDARD = gnu17;
				GCC_DYNAMIC_NO_PIC = NO;
				GCC_NO_COMMON_BLOCKS = YES;
				GCC_OPTIMIZATION_LEVEL = 0;
				GCC_PREPROCESSOR_DEFINITIONS = (
					"DEBUG=1",
					"$(inherited)",
				);
				GCC_WARN_64_TO_32_BIT_CONVERSION = YES;
				GCC_WARN_ABOUT_RETURN_TYPE = YES_ERROR;
				GCC_WARN_UNDECLARED_SELECTOR = YES;
				GCC_WARN_UNINITIALIZED_AUTOS = YES_AGGRESSIVE;
				GCC_WARN_UNUSED_FUNCTION = YES;
				GCC_WARN_UNUSED_VARIABLE = YES;
				IPHONEOS_DEPLOYMENT_TARGET = 17.0;
				LOCALIZATION_PREFERS_STRING_CATALOGS = YES;
				MTL_ENABLE_DEBUG_INFO = INCLUDE_SOURCE;
				MTL_FAST_MATH = YES;
				ONLY_ACTIVE_ARCH = YES;
				SDKROOT = iphoneos;
				SWIFT_ACTIVE_COMPILATION_CONDITIONS = "DEBUG $(inherited)";
				SWIFT_OPTIMIZATION_LEVEL = "-Onone";
			};
			name = Debug;
		};
		4DE55F112B1B97F200434EAE /* Release */ = {
			isa = XCBuildConfiguration;
			buildSettings = {
				ALWAYS_SEARCH_USER_PATHS = NO;
				ASSETCATALOG_COMPILER_GENERATE_SWIFT_ASSET_SYMBOL_EXTENSIONS = YES;
				CLANG_ANALYZER_NONNULL = YES;
				CLANG_ANALYZER_NUMBER_OBJECT_CONVERSION = YES_AGGRESSIVE;
				CLANG_CXX_LANGUAGE_STANDARD = "gnu++20";
				CLANG_ENABLE_MODULES = YES;
				CLANG_ENABLE_OBJC_ARC = YES;
				CLANG_ENABLE_OBJC_WEAK = YES;
				CLANG_WARN_BLOCK_CAPTURE_AUTORELEASING = YES;
				CLANG_WARN_BOOL_CONVERSION = YES;
				CLANG_WARN_COMMA = YES;
				CLANG_WARN_CONSTANT_CONVERSION = YES;
				CLANG_WARN_DEPRECATED_OBJC_IMPLEMENTATIONS = YES;
				CLANG_WARN_DIRECT_OBJC_ISA_USAGE = YES_ERROR;
				CLANG_WARN_DOCUMENTATION_COMMENTS = YES;
				CLANG_WARN_EMPTY_BODY = YES;
				CLANG_WARN_ENUM_CONVERSION = YES;
				CLANG_WARN_INFINITE_RECURSION = YES;
				CLANG_WARN_INT_CONVERSION = YES;
				CLANG_WARN_NON_LITERAL_NULL_CONVERSION = YES;
				CLANG_WARN_OBJC_IMPLICIT_RETAIN_SELF = YES;
				CLANG_WARN_OBJC_LITERAL_CONVERSION = YES;
				CLANG_WARN_OBJC_ROOT_CLASS = YES_ERROR;
				CLANG_WARN_QUOTED_INCLUDE_IN_FRAMEWORK_HEADER = YES;
				CLANG_WARN_RANGE_LOOP_ANALYSIS = YES;
				CLANG_WARN_STRICT_PROTOTYPES = YES;
				CLANG_WARN_SUSPICIOUS_MOVE = YES;
				CLANG_WARN_UNGUARDED_AVAILABILITY = YES_AGGRESSIVE;
				CLANG_WARN_UNREACHABLE_CODE = YES;
				CLANG_WARN__DUPLICATE_METHOD_MATCH = YES;
				COPY_PHASE_STRIP = NO;
				DEBUG_INFORMATION_FORMAT = "dwarf-with-dsym";
				ENABLE_NS_ASSERTIONS = NO;
				ENABLE_STRICT_OBJC_MSGSEND = YES;
				ENABLE_USER_SCRIPT_SANDBOXING = YES;
				GCC_C_LANGUAGE_STANDARD = gnu17;
				GCC_NO_COMMON_BLOCKS = YES;
				GCC_WARN_64_TO_32_BIT_CONVERSION = YES;
				GCC_WARN_ABOUT_RETURN_TYPE = YES_ERROR;
				GCC_WARN_UNDECLARED_SELECTOR = YES;
				GCC_WARN_UNINITIALIZED_AUTOS = YES_AGGRESSIVE;
				GCC_WARN_UNUSED_FUNCTION = YES;
				GCC_WARN_UNUSED_VARIABLE = YES;
				IPHONEOS_DEPLOYMENT_TARGET = 17.0;
				LOCALIZATION_PREFERS_STRING_CATALOGS = YES;
				MTL_ENABLE_DEBUG_INFO = NO;
				MTL_FAST_MATH = YES;
				SDKROOT = iphoneos;
				SWIFT_COMPILATION_MODE = wholemodule;
				VALIDATE_PRODUCT = YES;
			};
			name = Release;
		};
		4DE55F132B1B97F200434EAE /* Debug */ = {
			isa = XCBuildConfiguration;
			buildSettings = {
				ASSETCATALOG_COMPILER_APPICON_NAME = AppIcon;
				ASSETCATALOG_COMPILER_GLOBAL_ACCENT_COLOR_NAME = AccentColor;
				CODE_SIGN_STYLE = Automatic;
				CURRENT_PROJECT_VERSION = 1;
				DEVELOPMENT_ASSET_PATHS = "\"Gestures and callbacks/Preview Content\"";
				DEVELOPMENT_TEAM = 853K3F2A4U;
				ENABLE_PREVIEWS = YES;
				GENERATE_INFOPLIST_FILE = YES;
				INFOPLIST_KEY_UIApplicationSceneManifest_Generation = YES;
				INFOPLIST_KEY_UIApplicationSupportsIndirectInputEvents = YES;
				INFOPLIST_KEY_UILaunchScreen_Generation = YES;
				INFOPLIST_KEY_UISupportedInterfaceOrientations_iPad = "UIInterfaceOrientationPortrait UIInterfaceOrientationPortraitUpsideDown UIInterfaceOrientationLandscapeLeft UIInterfaceOrientationLandscapeRight";
				INFOPLIST_KEY_UISupportedInterfaceOrientations_iPhone = "UIInterfaceOrientationPortrait UIInterfaceOrientationLandscapeLeft UIInterfaceOrientationLandscapeRight";
				LD_RUNPATH_SEARCH_PATHS = (
					"$(inherited)",
					"@executable_path/Frameworks",
				);
				MARKETING_VERSION = 1.0;
				PRODUCT_BUNDLE_IDENTIFIER = "the.codeholic.Gestures-and-callbacks";
				PRODUCT_NAME = "$(TARGET_NAME)";
				SWIFT_EMIT_LOC_STRINGS = YES;
				SWIFT_VERSION = 5.0;
				TARGETED_DEVICE_FAMILY = "1,2";
			};
			name = Debug;
		};
		4DE55F142B1B97F200434EAE /* Release */ = {
			isa = XCBuildConfiguration;
			buildSettings = {
				ASSETCATALOG_COMPILER_APPICON_NAME = AppIcon;
				ASSETCATALOG_COMPILER_GLOBAL_ACCENT_COLOR_NAME = AccentColor;
				CODE_SIGN_STYLE = Automatic;
				CURRENT_PROJECT_VERSION = 1;
				DEVELOPMENT_ASSET_PATHS = "\"Gestures and callbacks/Preview Content\"";
				DEVELOPMENT_TEAM = 853K3F2A4U;
				ENABLE_PREVIEWS = YES;
				GENERATE_INFOPLIST_FILE = YES;
				INFOPLIST_KEY_UIApplicationSceneManifest_Generation = YES;
				INFOPLIST_KEY_UIApplicationSupportsIndirectInputEvents = YES;
				INFOPLIST_KEY_UILaunchScreen_Generation = YES;
				INFOPLIST_KEY_UISupportedInterfaceOrientations_iPad = "UIInterfaceOrientationPortrait UIInterfaceOrientationPortraitUpsideDown UIInterfaceOrientationLandscapeLeft UIInterfaceOrientationLandscapeRight";
				INFOPLIST_KEY_UISupportedInterfaceOrientations_iPhone = "UIInterfaceOrientationPortrait UIInterfaceOrientationLandscapeLeft UIInterfaceOrientationLandscapeRight";
				LD_RUNPATH_SEARCH_PATHS = (
					"$(inherited)",
					"@executable_path/Frameworks",
				);
				MARKETING_VERSION = 1.0;
				PRODUCT_BUNDLE_IDENTIFIER = "the.codeholic.Gestures-and-callbacks";
				PRODUCT_NAME = "$(TARGET_NAME)";
				SWIFT_EMIT_LOC_STRINGS = YES;
				SWIFT_VERSION = 5.0;
				TARGETED_DEVICE_FAMILY = "1,2";
			};
			name = Release;
		};
		4DE55F162B1B97F200434EAE /* Debug */ = {
			isa = XCBuildConfiguration;
			buildSettings = {
				ALWAYS_EMBED_SWIFT_STANDARD_LIBRARIES = YES;
				BUNDLE_LOADER = "$(TEST_HOST)";
				CODE_SIGN_STYLE = Automatic;
				CURRENT_PROJECT_VERSION = 1;
				DEVELOPMENT_TEAM = 853K3F2A4U;
				GENERATE_INFOPLIST_FILE = YES;
				IPHONEOS_DEPLOYMENT_TARGET = 17.0;
				MARKETING_VERSION = 1.0;
				PRODUCT_BUNDLE_IDENTIFIER = "the.codeholic.Gestures-and-callbacksTests";
				PRODUCT_NAME = "$(TARGET_NAME)";
				SWIFT_EMIT_LOC_STRINGS = NO;
				SWIFT_VERSION = 5.0;
				TARGETED_DEVICE_FAMILY = "1,2";
				TEST_HOST = "$(BUILT_PRODUCTS_DIR)/Gestures and callbacks.app/$(BUNDLE_EXECUTABLE_FOLDER_PATH)/Gestures and callbacks";
			};
			name = Debug;
		};
		4DE55F172B1B97F200434EAE /* Release */ = {
			isa = XCBuildConfiguration;
			buildSettings = {
				ALWAYS_EMBED_SWIFT_STANDARD_LIBRARIES = YES;
				BUNDLE_LOADER = "$(TEST_HOST)";
				CODE_SIGN_STYLE = Automatic;
				CURRENT_PROJECT_VERSION = 1;
				DEVELOPMENT_TEAM = 853K3F2A4U;
				GENERATE_INFOPLIST_FILE = YES;
				IPHONEOS_DEPLOYMENT_TARGET = 17.0;
				MARKETING_VERSION = 1.0;
				PRODUCT_BUNDLE_IDENTIFIER = "the.codeholic.Gestures-and-callbacksTests";
				PRODUCT_NAME = "$(TARGET_NAME)";
				SWIFT_EMIT_LOC_STRINGS = NO;
				SWIFT_VERSION = 5.0;
				TARGETED_DEVICE_FAMILY = "1,2";
				TEST_HOST = "$(BUILT_PRODUCTS_DIR)/Gestures and callbacks.app/$(BUNDLE_EXECUTABLE_FOLDER_PATH)/Gestures and callbacks";
			};
			name = Release;
		};
		4DE55F192B1B97F200434EAE /* Debug */ = {
			isa = XCBuildConfiguration;
			buildSettings = {
				ALWAYS_EMBED_SWIFT_STANDARD_LIBRARIES = YES;
				CODE_SIGN_STYLE = Automatic;
				CURRENT_PROJECT_VERSION = 1;
				DEVELOPMENT_TEAM = 853K3F2A4U;
				GENERATE_INFOPLIST_FILE = YES;
				MARKETING_VERSION = 1.0;
				PRODUCT_BUNDLE_IDENTIFIER = "the.codeholic.Gestures-and-callbacksUITests";
				PRODUCT_NAME = "$(TARGET_NAME)";
				SWIFT_EMIT_LOC_STRINGS = NO;
				SWIFT_VERSION = 5.0;
				TARGETED_DEVICE_FAMILY = "1,2";
				TEST_TARGET_NAME = "Gestures and callbacks";
			};
			name = Debug;
		};
		4DE55F1A2B1B97F200434EAE /* Release */ = {
			isa = XCBuildConfiguration;
			buildSettings = {
				ALWAYS_EMBED_SWIFT_STANDARD_LIBRARIES = YES;
				CODE_SIGN_STYLE = Automatic;
				CURRENT_PROJECT_VERSION = 1;
				DEVELOPMENT_TEAM = 853K3F2A4U;
				GENERATE_INFOPLIST_FILE = YES;
				MARKETING_VERSION = 1.0;
				PRODUCT_BUNDLE_IDENTIFIER = "the.codeholic.Gestures-and-callbacksUITests";
				PRODUCT_NAME = "$(TARGET_NAME)";
				SWIFT_EMIT_LOC_STRINGS = NO;
				SWIFT_VERSION = 5.0;
				TARGETED_DEVICE_FAMILY = "1,2";
				TEST_TARGET_NAME = "Gestures and callbacks";
			};
			name = Release;
		};
/* End XCBuildConfiguration section */

/* Begin XCConfigurationList section */
		4DE55EE92B1B97EF00434EAE /* Build configuration list for PBXProject "Gestures and callbacks" */ = {
			isa = XCConfigurationList;
			buildConfigurations = (
				4DE55F102B1B97F200434EAE /* Debug */,
				4DE55F112B1B97F200434EAE /* Release */,
			);
			defaultConfigurationIsVisible = 0;
			defaultConfigurationName = Release;
		};
		4DE55F122B1B97F200434EAE /* Build configuration list for PBXNativeTarget "Gestures and callbacks" */ = {
			isa = XCConfigurationList;
			buildConfigurations = (
				4DE55F132B1B97F200434EAE /* Debug */,
				4DE55F142B1B97F200434EAE /* Release */,
			);
			defaultConfigurationIsVisible = 0;
			defaultConfigurationName = Release;
		};
		4DE55F152B1B97F200434EAE /* Build configuration list for PBXNativeTarget "Gestures and callbacksTests" */ = {
			isa = XCConfigurationList;
			buildConfigurations = (
				4DE55F162B1B97F200434EAE /* Debug */,
				4DE55F172B1B97F200434EAE /* Release */,
			);
			defaultConfigurationIsVisible = 0;
			defaultConfigurationName = Release;
		};
		4DE55F182B1B97F200434EAE /* Build configuration list for PBXNativeTarget "Gestures and callbacksUITests" */ = {
			isa = XCConfigurationList;
			buildConfigurations = (
				4DE55F192B1B97F200434EAE /* Debug */,
				4DE55F1A2B1B97F200434EAE /* Release */,
			);
			defaultConfigurationIsVisible = 0;
			defaultConfigurationName = Release;
		};
/* End XCConfigurationList section */
	};
	rootObject = 4DE55EE62B1B97EF00434EAE /* Project object */;
}
